{
  "originHash" : "783e1632a0f8d8acde62c6952b6751be3e38d9530d0a6510e79efcac19912a2f",
  "pins" : [
    {
      "identity" : "apollo-ios",
      "kind" : "remoteSourceControl",
      "location" : "https://github.com/apollographql/apollo-ios",
      "state" : {
        "revision" : "7122421c2ba9ce2d252943cef055c74ef56ea431",
        "version" : "1.15.2"
      }
    },
    {
      "identity" : "apollo-ios-codegen",
      "kind" : "remoteSourceControl",
      "location" : "https://github.com/apollographql/apollo-ios-codegen",
      "state" : {
        "revision" : "9d18632ce7033490ee46a3f1e14d51c1c65fbb66",
        "version" : "1.15.2"
      }
    },
    {
      "identity" : "apollocombine",
      "kind" : "remoteSourceControl",
      "location" : "https://github.com/joel-perry/ApolloCombine.git",
      "state" : {
        "revision" : "2c254607c935b3c8c10cf053a425f2d36ca18759",
        "version" : "0.8.0"
      }
    },
    {
      "identity" : "charts",
      "kind" : "remoteSourceControl",
      "location" : "https://github.com/danielgindi/Charts.git",
      "state" : {
        "revision" : "dd9c72e3d7e751e769971092a6bd72d39198ae63",
        "version" : "5.1.0"
      }
    },
    {
      "identity" : "inflectorkit",
      "kind" : "remoteSourceControl",
      "location" : "https://github.com/mattt/InflectorKit",
      "state" : {
        "revision" : "d8cbcc04972690aaa5fc760a2b9ddb3e9f0decd7",
        "version" : "1.0.0"
      }
    },
    {
      "identity" : "sqlite.swift",
      "kind" : "remoteSourceControl",
      "location" : "https://github.com/stephencelis/SQLite.swift.git",
      "state" : {
        "revision" : "a95fc6df17d108bd99210db5e8a9bac90fe984b8",
        "version" : "0.15.3"
      }
    },
    {
      "identity" : "swift-argument-parser",
      "kind" : "remoteSourceControl",
      "location" : "https://github.com/apple/swift-argument-parser.git",
      "state" : {
        "revision" : "41982a3656a71c768319979febd796c6fd111d5c",
        "version" : "1.5.0"
      }
    },
    {
      "identity" : "swift-collections",
      "kind" : "remoteSourceControl",
      "location" : "https://github.com/apple/swift-collections",
      "state" : {
        "revision" : "671108c96644956dddcd89dd59c203dcdb36cec7",
        "version" : "1.1.4"
      }
    }
  ],
  "version" : 3
}
