{
  "originHash" : "359a78f0ff2346d1c0a4b32d9ba73569c9d35e998ef564c560abca59e5c68ea1",
  "pins" : [
    {
      "identity" : "apollo-ios",
      "kind" : "remoteSourceControl",
      "location" : "https://github.com/apollographql/apollo-ios",
      "state" : {
        "revision" : "c3f48d45ec1300bc95243bf19f67284f9dc0d14a",
        "version" : "1.15.3"
      }
    },
    {
      "identity" : "apollo-ios-codegen",
      "kind" : "remoteSourceControl",
      "location" : "https://github.com/apollographql/apollo-ios-codegen",
      "state" : {
        "revision" : "54a51f43ba2dde6edc2fd11834cf894a2193f281",
        "version" : "1.15.3"
      }
    },
    {
      "identity" : "apollocombine",
      "kind" : "remoteSourceControl",
      "location" : "https://github.com/joel-perry/ApolloCombine.git",
      "state" : {
        "revision" : "2c254607c935b3c8c10cf053a425f2d36ca18759",
        "version" : "0.8.0"
      }
    },
    {
      "identity" : "charts",
      "kind" : "remoteSourceControl",
      "location" : "https://github.com/danielgindi/Charts.git",
      "state" : {
        "revision" : "dd9c72e3d7e751e769971092a6bd72d39198ae63",
        "version" : "5.1.0"
      }
    },
    {
      "identity" : "inflectorkit",
      "kind" : "remoteSourceControl",
      "location" : "https://github.com/mattt/InflectorKit",
      "state" : {
        "revision" : "d8cbcc04972690aaa5fc760a2b9ddb3e9f0decd7",
        "version" : "1.0.0"
      }
    },
    {
      "identity" : "privy-ios",
      "kind" : "remoteSourceControl",
      "location" : "https://github.com/privy-io/privy-ios",
      "state" : {
        "revision" : "1b6a25b887498046c263c485e3890f5d77a0a716",
        "version" : "1.7.2"
      }
    },
    {
      "identity" : "secp256k1.swift",
      "kind" : "remoteSourceControl",
      "location" : "https://github.com/Boilertalk/secp256k1.swift.git",
      "state" : {
        "revision" : "cd187c632fb812fd93711a9f7e644adb7e5f97f0",
        "version" : "0.1.7"
      }
    },
    {
      "identity" : "solana-swift",
      "kind" : "remoteSourceControl",
      "location" : "https://github.com/p2p-org/solana-swift",
      "state" : {
        "revision" : "010a3e3a4cb583ccc3150a04d4270ad37d784ee8",
        "version" : "5.0.0"
      }
    },
    {
      "identity" : "sqlite.swift",
      "kind" : "remoteSourceControl",
      "location" : "https://github.com/stephencelis/SQLite.swift.git",
      "state" : {
        "revision" : "a95fc6df17d108bd99210db5e8a9bac90fe984b8",
        "version" : "0.15.3"
      }
    },
    {
      "identity" : "swift-argument-parser",
      "kind" : "remoteSourceControl",
      "location" : "https://github.com/apple/swift-argument-parser.git",
      "state" : {
        "revision" : "41982a3656a71c768319979febd796c6fd111d5c",
        "version" : "1.5.0"
      }
    },
    {
      "identity" : "swift-collections",
      "kind" : "remoteSourceControl",
      "location" : "https://github.com/apple/swift-collections",
      "state" : {
        "revision" : "671108c96644956dddcd89dd59c203dcdb36cec7",
        "version" : "1.1.4"
      }
    },
    {
      "identity" : "task-retrying-swift",
      "kind" : "remoteSourceControl",
      "location" : "https://github.com/bigearsenal/task-retrying-swift.git",
      "state" : {
        "revision" : "208f1e8dfa93022a7d39ab5b334d5f43a934d4b1",
        "version" : "2.0.0"
      }
    },
    {
      "identity" : "tweetnacl-swiftwrap",
      "kind" : "remoteSourceControl",
      "location" : "https://github.com/bitmark-inc/tweetnacl-swiftwrap.git",
      "state" : {
        "revision" : "f8fd111642bf2336b11ef9ea828510693106e954",
        "version" : "1.1.0"
      }
    }
  ],
  "version" : 3
}
