// !$*UTF8*$!
{
	archiveVersion = 1;
	classes = {
	};
	objectVersion = 56;
	objects = {

/* Begin PBXBuildFile section */
		DB10A95D2CA5AA1B00B1E4F3 /* ExploreView.swift in Sources */ = {isa = PBXBuildFile; fileRef = DB10A95C2CA5AA1B00B1E4F3 /* ExploreView.swift */; };
		DB10A95F2CA5AA3900B1E4F3 /* CollectionView.swift in Sources */ = {isa = PBXBuildFile; fileRef = DB10A95E2CA5AA3900B1E4F3 /* CollectionView.swift */; };
		DB10A9612CA5AA4600B1E4F3 /* MessageView.swift in Sources */ = {isa = PBXBuildFile; fileRef = DB10A9602CA5AA4600B1E4F3 /* MessageView.swift */; };
		DB675A332CA2B73D006FC9B3 /* HomeTabsView.swift in Sources */ = {isa = PBXBuildFile; fileRef = DB675A322CA2B73D006FC9B3 /* HomeTabsView.swift */; };
		DB6D29052CA1C8F70099951A /* TubApp.swift in Sources */ = {isa = PBXBuildFile; fileRef = DB6D29042CA1C8F70099951A /* TubApp.swift */; };
		DB6D29072CA1C8F70099951A /* ContentView.swift in Sources */ = {isa = PBXBuildFile; fileRef = DB6D29062CA1C8F70099951A /* ContentView.swift */; };
		DB6D29092CA1C8F80099951A /* Assets.xcassets in Resources */ = {isa = PBXBuildFile; fileRef = DB6D29082CA1C8F80099951A /* Assets.xcassets */; };
		DB6D290D2CA1C8F80099951A /* Preview Assets.xcassets in Resources */ = {isa = PBXBuildFile; fileRef = DB6D290C2CA1C8F80099951A /* Preview Assets.xcassets */; };
		DB6D29172CA1C8F80099951A /* TubTests.swift in Sources */ = {isa = PBXBuildFile; fileRef = DB6D29162CA1C8F80099951A /* TubTests.swift */; };
		DB6D29212CA1C8F80099951A /* TubUITests.swift in Sources */ = {isa = PBXBuildFile; fileRef = DB6D29202CA1C8F80099951A /* TubUITests.swift */; };
		DB6D29232CA1C8F80099951A /* TubUITestsLaunchTests.swift in Sources */ = {isa = PBXBuildFile; fileRef = DB6D29222CA1C8F80099951A /* TubUITestsLaunchTests.swift */; };
/* End PBXBuildFile section */

/* Begin PBXContainerItemProxy section */
		DB6D29132CA1C8F80099951A /* PBXContainerItemProxy */ = {
			isa = PBXContainerItemProxy;
			containerPortal = DB6D28F92CA1C8F70099951A /* Project object */;
			proxyType = 1;
			remoteGlobalIDString = DB6D29002CA1C8F70099951A;
			remoteInfo = Tub;
		};
		DB6D291D2CA1C8F80099951A /* PBXContainerItemProxy */ = {
			isa = PBXContainerItemProxy;
			containerPortal = DB6D28F92CA1C8F70099951A /* Project object */;
			proxyType = 1;
			remoteGlobalIDString = DB6D29002CA1C8F70099951A;
			remoteInfo = Tub;
		};
/* End PBXContainerItemProxy section */

/* Begin PBXFileReference section */
		DB10A95C2CA5AA1B00B1E4F3 /* ExploreView.swift */ = {isa = PBXFileReference; lastKnownFileType = sourcecode.swift; path = ExploreView.swift; sourceTree = "<group>"; };
		DB10A95E2CA5AA3900B1E4F3 /* CollectionView.swift */ = {isa = PBXFileReference; lastKnownFileType = sourcecode.swift; path = CollectionView.swift; sourceTree = "<group>"; };
		DB10A9602CA5AA4600B1E4F3 /* MessageView.swift */ = {isa = PBXFileReference; lastKnownFileType = sourcecode.swift; path = MessageView.swift; sourceTree = "<group>"; };
		DB675A322CA2B73D006FC9B3 /* HomeTabsView.swift */ = {isa = PBXFileReference; lastKnownFileType = sourcecode.swift; path = HomeTabsView.swift; sourceTree = "<group>"; };
		DB6D29012CA1C8F70099951A /* Tub.app */ = {isa = PBXFileReference; explicitFileType = wrapper.application; includeInIndex = 0; path = Tub.app; sourceTree = BUILT_PRODUCTS_DIR; };
		DB6D29042CA1C8F70099951A /* TubApp.swift */ = {isa = PBXFileReference; lastKnownFileType = sourcecode.swift; path = TubApp.swift; sourceTree = "<group>"; };
		DB6D29062CA1C8F70099951A /* ContentView.swift */ = {isa = PBXFileReference; lastKnownFileType = sourcecode.swift; path = ContentView.swift; sourceTree = "<group>"; };
		DB6D29082CA1C8F80099951A /* Assets.xcassets */ = {isa = PBXFileReference; lastKnownFileType = folder.assetcatalog; path = Assets.xcassets; sourceTree = "<group>"; };
		DB6D290A2CA1C8F80099951A /* Tub.entitlements */ = {isa = PBXFileReference; lastKnownFileType = text.plist.entitlements; path = Tub.entitlements; sourceTree = "<group>"; };
		DB6D290C2CA1C8F80099951A /* Preview Assets.xcassets */ = {isa = PBXFileReference; lastKnownFileType = folder.assetcatalog; path = "Preview Assets.xcassets"; sourceTree = "<group>"; };
		DB6D29122CA1C8F80099951A /* TubTests.xctest */ = {isa = PBXFileReference; explicitFileType = wrapper.cfbundle; includeInIndex = 0; path = TubTests.xctest; sourceTree = BUILT_PRODUCTS_DIR; };
		DB6D29162CA1C8F80099951A /* TubTests.swift */ = {isa = PBXFileReference; lastKnownFileType = sourcecode.swift; path = TubTests.swift; sourceTree = "<group>"; };
		DB6D291C2CA1C8F80099951A /* TubUITests.xctest */ = {isa = PBXFileReference; explicitFileType = wrapper.cfbundle; includeInIndex = 0; path = TubUITests.xctest; sourceTree = BUILT_PRODUCTS_DIR; };
		DB6D29202CA1C8F80099951A /* TubUITests.swift */ = {isa = PBXFileReference; lastKnownFileType = sourcecode.swift; path = TubUITests.swift; sourceTree = "<group>"; };
		DB6D29222CA1C8F80099951A /* TubUITestsLaunchTests.swift */ = {isa = PBXFileReference; lastKnownFileType = sourcecode.swift; path = TubUITestsLaunchTests.swift; sourceTree = "<group>"; };
/* End PBXFileReference section */

/* Begin PBXFrameworksBuildPhase section */
		DB6D28FE2CA1C8F70099951A /* Frameworks */ = {
			isa = PBXFrameworksBuildPhase;
			buildActionMask = 2147483647;
			files = (
			);
			runOnlyForDeploymentPostprocessing = 0;
		};
		DB6D290F2CA1C8F80099951A /* Frameworks */ = {
			isa = PBXFrameworksBuildPhase;
			buildActionMask = 2147483647;
			files = (
			);
			runOnlyForDeploymentPostprocessing = 0;
		};
		DB6D29192CA1C8F80099951A /* Frameworks */ = {
			isa = PBXFrameworksBuildPhase;
			buildActionMask = 2147483647;
			files = (
			);
			runOnlyForDeploymentPostprocessing = 0;
		};
/* End PBXFrameworksBuildPhase section */

/* Begin PBXGroup section */
		DB6D28F82CA1C8F70099951A = {
			isa = PBXGroup;
			children = (
				DB6D29032CA1C8F70099951A /* Tub */,
				DB6D29152CA1C8F80099951A /* TubTests */,
				DB6D291F2CA1C8F80099951A /* TubUITests */,
				DB6D29022CA1C8F70099951A /* Products */,
			);
			sourceTree = "<group>";
		};
		DB6D29022CA1C8F70099951A /* Products */ = {
			isa = PBXGroup;
			children = (
				DB6D29012CA1C8F70099951A /* Tub.app */,
				DB6D29122CA1C8F80099951A /* TubTests.xctest */,
				DB6D291C2CA1C8F80099951A /* TubUITests.xctest */,
			);
			name = Products;
			sourceTree = "<group>";
		};
		DB6D29032CA1C8F70099951A /* Tub */ = {
			isa = PBXGroup;
			children = (
				DB6D29042CA1C8F70099951A /* TubApp.swift */,
				DB6D29062CA1C8F70099951A /* ContentView.swift */,
				DB675A322CA2B73D006FC9B3 /* HomeTabsView.swift */,
				DB10A95E2CA5AA3900B1E4F3 /* CollectionView.swift */,
				DB10A9602CA5AA4600B1E4F3 /* MessageView.swift */,
				DB10A95C2CA5AA1B00B1E4F3 /* ExploreView.swift */,
				DB6D29082CA1C8F80099951A /* Assets.xcassets */,
				DB6D290A2CA1C8F80099951A /* Tub.entitlements */,
				DB6D290B2CA1C8F80099951A /* Preview Content */,
			);
			path = Tub;
			sourceTree = "<group>";
		};
		DB6D290B2CA1C8F80099951A /* Preview Content */ = {
			isa = PBXGroup;
			children = (
				DB6D290C2CA1C8F80099951A /* Preview Assets.xcassets */,
			);
			path = "Preview Content";
			sourceTree = "<group>";
		};
		DB6D29152CA1C8F80099951A /* TubTests */ = {
			isa = PBXGroup;
			children = (
				DB6D29162CA1C8F80099951A /* TubTests.swift */,
			);
			path = TubTests;
			sourceTree = "<group>";
		};
		DB6D291F2CA1C8F80099951A /* TubUITests */ = {
			isa = PBXGroup;
			children = (
				DB6D29202CA1C8F80099951A /* TubUITests.swift */,
				DB6D29222CA1C8F80099951A /* TubUITestsLaunchTests.swift */,
			);
			path = TubUITests;
			sourceTree = "<group>";
		};
/* End PBXGroup section */

/* Begin PBXNativeTarget section */
		DB6D29002CA1C8F70099951A /* Tub */ = {
			isa = PBXNativeTarget;
			buildConfigurationList = DB6D29262CA1C8F80099951A /* Build configuration list for PBXNativeTarget "Tub" */;
			buildPhases = (
				DB6D28FD2CA1C8F70099951A /* Sources */,
				DB6D28FE2CA1C8F70099951A /* Frameworks */,
				DB6D28FF2CA1C8F70099951A /* Resources */,
			);
			buildRules = (
			);
			dependencies = (
			);
			name = Tub;
			productName = Tub;
			productReference = DB6D29012CA1C8F70099951A /* Tub.app */;
			productType = "com.apple.product-type.application";
		};
		DB6D29112CA1C8F80099951A /* TubTests */ = {
			isa = PBXNativeTarget;
			buildConfigurationList = DB6D29292CA1C8F80099951A /* Build configuration list for PBXNativeTarget "TubTests" */;
			buildPhases = (
				DB6D290E2CA1C8F80099951A /* Sources */,
				DB6D290F2CA1C8F80099951A /* Frameworks */,
				DB6D29102CA1C8F80099951A /* Resources */,
			);
			buildRules = (
			);
			dependencies = (
				DB6D29142CA1C8F80099951A /* PBXTargetDependency */,
			);
			name = TubTests;
			productName = TubTests;
			productReference = DB6D29122CA1C8F80099951A /* TubTests.xctest */;
			productType = "com.apple.product-type.bundle.unit-test";
		};
		DB6D291B2CA1C8F80099951A /* TubUITests */ = {
			isa = PBXNativeTarget;
			buildConfigurationList = DB6D292C2CA1C8F80099951A /* Build configuration list for PBXNativeTarget "TubUITests" */;
			buildPhases = (
				DB6D29182CA1C8F80099951A /* Sources */,
				DB6D29192CA1C8F80099951A /* Frameworks */,
				DB6D291A2CA1C8F80099951A /* Resources */,
			);
			buildRules = (
			);
			dependencies = (
				DB6D291E2CA1C8F80099951A /* PBXTargetDependency */,
			);
			name = TubUITests;
			productName = TubUITests;
			productReference = DB6D291C2CA1C8F80099951A /* TubUITests.xctest */;
			productType = "com.apple.product-type.bundle.ui-testing";
		};
/* End PBXNativeTarget section */

/* Begin PBXProject section */
		DB6D28F92CA1C8F70099951A /* Project object */ = {
			isa = PBXProject;
			attributes = {
				BuildIndependentTargetsInParallel = 1;
				LastSwiftUpdateCheck = 1520;
				LastUpgradeCheck = 1520;
				TargetAttributes = {
					DB6D29002CA1C8F70099951A = {
						CreatedOnToolsVersion = 15.2;
					};
					DB6D29112CA1C8F80099951A = {
						CreatedOnToolsVersion = 15.2;
						TestTargetID = DB6D29002CA1C8F70099951A;
					};
					DB6D291B2CA1C8F80099951A = {
						CreatedOnToolsVersion = 15.2;
						TestTargetID = DB6D29002CA1C8F70099951A;
					};
				};
			};
			buildConfigurationList = DB6D28FC2CA1C8F70099951A /* Build configuration list for PBXProject "Tub" */;
			compatibilityVersion = "Xcode 14.0";
			developmentRegion = en;
			hasScannedForEncodings = 0;
			knownRegions = (
				en,
				Base,
			);
			mainGroup = DB6D28F82CA1C8F70099951A;
			productRefGroup = DB6D29022CA1C8F70099951A /* Products */;
			projectDirPath = "";
			projectRoot = "";
			targets = (
				DB6D29002CA1C8F70099951A /* Tub */,
				DB6D29112CA1C8F80099951A /* TubTests */,
				DB6D291B2CA1C8F80099951A /* TubUITests */,
			);
		};
/* End PBXProject section */

/* Begin PBXResourcesBuildPhase section */
		DB6D28FF2CA1C8F70099951A /* Resources */ = {
			isa = PBXResourcesBuildPhase;
			buildActionMask = 2147483647;
			files = (
				DB6D290D2CA1C8F80099951A /* Preview Assets.xcassets in Resources */,
				DB6D29092CA1C8F80099951A /* Assets.xcassets in Resources */,
			);
			runOnlyForDeploymentPostprocessing = 0;
		};
		DB6D29102CA1C8F80099951A /* Resources */ = {
			isa = PBXResourcesBuildPhase;
			buildActionMask = 2147483647;
			files = (
			);
			runOnlyForDeploymentPostprocessing = 0;
		};
		DB6D291A2CA1C8F80099951A /* Resources */ = {
			isa = PBXResourcesBuildPhase;
			buildActionMask = 2147483647;
			files = (
			);
			runOnlyForDeploymentPostprocessing = 0;
		};
/* End PBXResourcesBuildPhase section */

/* Begin PBXSourcesBuildPhase section */
		DB6D28FD2CA1C8F70099951A /* Sources */ = {
			isa = PBXSourcesBuildPhase;
			buildActionMask = 2147483647;
			files = (
				DB10A9612CA5AA4600B1E4F3 /* MessageView.swift in Sources */,
				DB675A332CA2B73D006FC9B3 /* HomeTabsView.swift in Sources */,
				DB10A95F2CA5AA3900B1E4F3 /* CollectionView.swift in Sources */,
				DB6D29072CA1C8F70099951A /* ContentView.swift in Sources */,
				DB10A95D2CA5AA1B00B1E4F3 /* ExploreView.swift in Sources */,
				DB6D29052CA1C8F70099951A /* TubApp.swift in Sources */,
			);
			runOnlyForDeploymentPostprocessing = 0;
		};
		DB6D290E2CA1C8F80099951A /* Sources */ = {
			isa = PBXSourcesBuildPhase;
			buildActionMask = 2147483647;
			files = (
				DB6D29172CA1C8F80099951A /* TubTests.swift in Sources */,
			);
			runOnlyForDeploymentPostprocessing = 0;
		};
		DB6D29182CA1C8F80099951A /* Sources */ = {
			isa = PBXSourcesBuildPhase;
			buildActionMask = 2147483647;
			files = (
				DB6D29232CA1C8F80099951A /* TubUITestsLaunchTests.swift in Sources */,
				DB6D29212CA1C8F80099951A /* TubUITests.swift in Sources */,
			);
			runOnlyForDeploymentPostprocessing = 0;
		};
/* End PBXSourcesBuildPhase section */

/* Begin PBXTargetDependency section */
		DB6D29142CA1C8F80099951A /* PBXTargetDependency */ = {
			isa = PBXTargetDependency;
			target = DB6D29002CA1C8F70099951A /* Tub */;
			targetProxy = DB6D29132CA1C8F80099951A /* PBXContainerItemProxy */;
		};
		DB6D291E2CA1C8F80099951A /* PBXTargetDependency */ = {
			isa = PBXTargetDependency;
			target = DB6D29002CA1C8F70099951A /* Tub */;
			targetProxy = DB6D291D2CA1C8F80099951A /* PBXContainerItemProxy */;
		};
/* End PBXTargetDependency section */

/* Begin XCBuildConfiguration section */
		DB6D29242CA1C8F80099951A /* Debug */ = {
			isa = XCBuildConfiguration;
			buildSettings = {
				ALWAYS_SEARCH_USER_PATHS = NO;
				ASSETCATALOG_COMPILER_GENERATE_SWIFT_ASSET_SYMBOL_EXTENSIONS = YES;
				CLANG_ANALYZER_NONNULL = YES;
				CLANG_ANALYZER_NUMBER_OBJECT_CONVERSION = YES_AGGRESSIVE;
				CLANG_CXX_LANGUAGE_STANDARD = "gnu++20";
				CLANG_ENABLE_MODULES = YES;
				CLANG_ENABLE_OBJC_ARC = YES;
				CLANG_ENABLE_OBJC_WEAK = YES;
				CLANG_WARN_BLOCK_CAPTURE_AUTORELEASING = YES;
				CLANG_WARN_BOOL_CONVERSION = YES;
				CLANG_WARN_COMMA = YES;
				CLANG_WARN_CONSTANT_CONVERSION = YES;
				CLANG_WARN_DEPRECATED_OBJC_IMPLEMENTATIONS = YES;
				CLANG_WARN_DIRECT_OBJC_ISA_USAGE = YES_ERROR;
				CLANG_WARN_DOCUMENTATION_COMMENTS = YES;
				CLANG_WARN_EMPTY_BODY = YES;
				CLANG_WARN_ENUM_CONVERSION = YES;
				CLANG_WARN_INFINITE_RECURSION = YES;
				CLANG_WARN_INT_CONVERSION = YES;
				CLANG_WARN_NON_LITERAL_NULL_CONVERSION = YES;
				CLANG_WARN_OBJC_IMPLICIT_RETAIN_SELF = YES;
				CLANG_WARN_OBJC_LITERAL_CONVERSION = YES;
				CLANG_WARN_OBJC_ROOT_CLASS = YES_ERROR;
				CLANG_WARN_QUOTED_INCLUDE_IN_FRAMEWORK_HEADER = YES;
				CLANG_WARN_RANGE_LOOP_ANALYSIS = YES;
				CLANG_WARN_STRICT_PROTOTYPES = YES;
				CLANG_WARN_SUSPICIOUS_MOVE = YES;
				CLANG_WARN_UNGUARDED_AVAILABILITY = YES_AGGRESSIVE;
				CLANG_WARN_UNREACHABLE_CODE = YES;
				CLANG_WARN__DUPLICATE_METHOD_MATCH = YES;
				COPY_PHASE_STRIP = NO;
				DEBUG_INFORMATION_FORMAT = dwarf;
				ENABLE_STRICT_OBJC_MSGSEND = YES;
				ENABLE_TESTABILITY = YES;
				ENABLE_USER_SCRIPT_SANDBOXING = YES;
				GCC_C_LANGUAGE_STANDARD = gnu17;
				GCC_DYNAMIC_NO_PIC = NO;
				GCC_NO_COMMON_BLOCKS = YES;
				GCC_OPTIMIZATION_LEVEL = 0;
				GCC_PREPROCESSOR_DEFINITIONS = (
					"DEBUG=1",
					"$(inherited)",
				);
				GCC_WARN_64_TO_32_BIT_CONVERSION = YES;
				GCC_WARN_ABOUT_RETURN_TYPE = YES_ERROR;
				GCC_WARN_UNDECLARED_SELECTOR = YES;
				GCC_WARN_UNINITIALIZED_AUTOS = YES_AGGRESSIVE;
				GCC_WARN_UNUSED_FUNCTION = YES;
				GCC_WARN_UNUSED_VARIABLE = YES;
				LOCALIZATION_PREFERS_STRING_CATALOGS = YES;
				MTL_ENABLE_DEBUG_INFO = INCLUDE_SOURCE;
				MTL_FAST_MATH = YES;
				ONLY_ACTIVE_ARCH = YES;
				SWIFT_ACTIVE_COMPILATION_CONDITIONS = "DEBUG $(inherited)";
				SWIFT_OPTIMIZATION_LEVEL = "-Onone";
			};
			name = Debug;
		};
		DB6D29252CA1C8F80099951A /* Release */ = {
			isa = XCBuildConfiguration;
			buildSettings = {
				ALWAYS_SEARCH_USER_PATHS = NO;
				ASSETCATALOG_COMPILER_GENERATE_SWIFT_ASSET_SYMBOL_EXTENSIONS = YES;
				CLANG_ANALYZER_NONNULL = YES;
				CLANG_ANALYZER_NUMBER_OBJECT_CONVERSION = YES_AGGRESSIVE;
				CLANG_CXX_LANGUAGE_STANDARD = "gnu++20";
				CLANG_ENABLE_MODULES = YES;
				CLANG_ENABLE_OBJC_ARC = YES;
				CLANG_ENABLE_OBJC_WEAK = YES;
				CLANG_WARN_BLOCK_CAPTURE_AUTORELEASING = YES;
				CLANG_WARN_BOOL_CONVERSION = YES;
				CLANG_WARN_COMMA = YES;
				CLANG_WARN_CONSTANT_CONVERSION = YES;
				CLANG_WARN_DEPRECATED_OBJC_IMPLEMENTATIONS = YES;
				CLANG_WARN_DIRECT_OBJC_ISA_USAGE = YES_ERROR;
				CLANG_WARN_DOCUMENTATION_COMMENTS = YES;
				CLANG_WARN_EMPTY_BODY = YES;
				CLANG_WARN_ENUM_CONVERSION = YES;
				CLANG_WARN_INFINITE_RECURSION = YES;
				CLANG_WARN_INT_CONVERSION = YES;
				CLANG_WARN_NON_LITERAL_NULL_CONVERSION = YES;
				CLANG_WARN_OBJC_IMPLICIT_RETAIN_SELF = YES;
				CLANG_WARN_OBJC_LITERAL_CONVERSION = YES;
				CLANG_WARN_OBJC_ROOT_CLASS = YES_ERROR;
				CLANG_WARN_QUOTED_INCLUDE_IN_FRAMEWORK_HEADER = YES;
				CLANG_WARN_RANGE_LOOP_ANALYSIS = YES;
				CLANG_WARN_STRICT_PROTOTYPES = YES;
				CLANG_WARN_SUSPICIOUS_MOVE = YES;
				CLANG_WARN_UNGUARDED_AVAILABILITY = YES_AGGRESSIVE;
				CLANG_WARN_UNREACHABLE_CODE = YES;
				CLANG_WARN__DUPLICATE_METHOD_MATCH = YES;
				COPY_PHASE_STRIP = NO;
				DEBUG_INFORMATION_FORMAT = "dwarf-with-dsym";
				ENABLE_NS_ASSERTIONS = NO;
				ENABLE_STRICT_OBJC_MSGSEND = YES;
				ENABLE_USER_SCRIPT_SANDBOXING = YES;
				GCC_C_LANGUAGE_STANDARD = gnu17;
				GCC_NO_COMMON_BLOCKS = YES;
				GCC_WARN_64_TO_32_BIT_CONVERSION = YES;
				GCC_WARN_ABOUT_RETURN_TYPE = YES_ERROR;
				GCC_WARN_UNDECLARED_SELECTOR = YES;
				GCC_WARN_UNINITIALIZED_AUTOS = YES_AGGRESSIVE;
				GCC_WARN_UNUSED_FUNCTION = YES;
				GCC_WARN_UNUSED_VARIABLE = YES;
				LOCALIZATION_PREFERS_STRING_CATALOGS = YES;
				MTL_ENABLE_DEBUG_INFO = NO;
				MTL_FAST_MATH = YES;
				SWIFT_COMPILATION_MODE = wholemodule;
			};
			name = Release;
		};
		DB6D29272CA1C8F80099951A /* Debug */ = {
			isa = XCBuildConfiguration;
			buildSettings = {
				ASSETCATALOG_COMPILER_APPICON_NAME = AppIcon;
				ASSETCATALOG_COMPILER_GLOBAL_ACCENT_COLOR_NAME = AccentColor;
				CODE_SIGN_ENTITLEMENTS = Tub/Tub.entitlements;
				CODE_SIGN_STYLE = Automatic;
				CURRENT_PROJECT_VERSION = 1;
				DEVELOPMENT_ASSET_PATHS = "\"Tub/Preview Content\"";
				ENABLE_PREVIEWS = YES;
				GENERATE_INFOPLIST_FILE = YES;
				"INFOPLIST_KEY_UIApplicationSceneManifest_Generation[sdk=iphoneos*]" = YES;
				"INFOPLIST_KEY_UIApplicationSceneManifest_Generation[sdk=iphonesimulator*]" = YES;
				"INFOPLIST_KEY_UIApplicationSupportsIndirectInputEvents[sdk=iphoneos*]" = YES;
				"INFOPLIST_KEY_UIApplicationSupportsIndirectInputEvents[sdk=iphonesimulator*]" = YES;
				"INFOPLIST_KEY_UILaunchScreen_Generation[sdk=iphoneos*]" = YES;
				"INFOPLIST_KEY_UILaunchScreen_Generation[sdk=iphonesimulator*]" = YES;
				"INFOPLIST_KEY_UIStatusBarStyle[sdk=iphoneos*]" = UIStatusBarStyleDefault;
				"INFOPLIST_KEY_UIStatusBarStyle[sdk=iphonesimulator*]" = UIStatusBarStyleDefault;
				INFOPLIST_KEY_UISupportedInterfaceOrientations_iPad = "UIInterfaceOrientationPortrait UIInterfaceOrientationPortraitUpsideDown UIInterfaceOrientationLandscapeLeft UIInterfaceOrientationLandscapeRight";
				INFOPLIST_KEY_UISupportedInterfaceOrientations_iPhone = "UIInterfaceOrientationPortrait UIInterfaceOrientationLandscapeLeft UIInterfaceOrientationLandscapeRight";
				IPHONEOS_DEPLOYMENT_TARGET = 17.2;
				LD_RUNPATH_SEARCH_PATHS = "@executable_path/Frameworks";
				"LD_RUNPATH_SEARCH_PATHS[sdk=macosx*]" = "@executable_path/../Frameworks";
				MACOSX_DEPLOYMENT_TARGET = 14.2;
				MARKETING_VERSION = 1.0;
				PRODUCT_BUNDLE_IDENTIFIER = com.primodium.Tub;
				PRODUCT_NAME = "$(TARGET_NAME)";
				SDKROOT = auto;
				SUPPORTED_PLATFORMS = "iphoneos iphonesimulator macosx";
				SWIFT_EMIT_LOC_STRINGS = YES;
				SWIFT_VERSION = 5.0;
				TARGETED_DEVICE_FAMILY = "1,2";
			};
			name = Debug;
		};
		DB6D29282CA1C8F80099951A /* Release */ = {
			isa = XCBuildConfiguration;
			buildSettings = {
				ASSETCATALOG_COMPILER_APPICON_NAME = AppIcon;
				ASSETCATALOG_COMPILER_GLOBAL_ACCENT_COLOR_NAME = AccentColor;
				CODE_SIGN_ENTITLEMENTS = Tub/Tub.entitlements;
				CODE_SIGN_STYLE = Automatic;
				CURRENT_PROJECT_VERSION = 1;
				DEVELOPMENT_ASSET_PATHS = "\"Tub/Preview Content\"";
				ENABLE_PREVIEWS = YES;
				GENERATE_INFOPLIST_FILE = YES;
				"INFOPLIST_KEY_UIApplicationSceneManifest_Generation[sdk=iphoneos*]" = YES;
				"INFOPLIST_KEY_UIApplicationSceneManifest_Generation[sdk=iphonesimulator*]" = YES;
				"INFOPLIST_KEY_UIApplicationSupportsIndirectInputEvents[sdk=iphoneos*]" = YES;
				"INFOPLIST_KEY_UIApplicationSupportsIndirectInputEvents[sdk=iphonesimulator*]" = YES;
				"INFOPLIST_KEY_UILaunchScreen_Generation[sdk=iphoneos*]" = YES;
				"INFOPLIST_KEY_UILaunchScreen_Generation[sdk=iphonesimulator*]" = YES;
				"INFOPLIST_KEY_UIStatusBarStyle[sdk=iphoneos*]" = UIStatusBarStyleDefault;
				"INFOPLIST_KEY_UIStatusBarStyle[sdk=iphonesimulator*]" = UIStatusBarStyleDefault;
				INFOPLIST_KEY_UISupportedInterfaceOrientations_iPad = "UIInterfaceOrientationPortrait UIInterfaceOrientationPortraitUpsideDown UIInterfaceOrientationLandscapeLeft UIInterfaceOrientationLandscapeRight";
				INFOPLIST_KEY_UISupportedInterfaceOrientations_iPhone = "UIInterfaceOrientationPortrait UIInterfaceOrientationLandscapeLeft UIInterfaceOrientationLandscapeRight";
				IPHONEOS_DEPLOYMENT_TARGET = 17.2;
				LD_RUNPATH_SEARCH_PATHS = "@executable_path/Frameworks";
				"LD_RUNPATH_SEARCH_PATHS[sdk=macosx*]" = "@executable_path/../Frameworks";
				MACOSX_DEPLOYMENT_TARGET = 14.2;
				MARKETING_VERSION = 1.0;
				PRODUCT_BUNDLE_IDENTIFIER = com.primodium.Tub;
				PRODUCT_NAME = "$(TARGET_NAME)";
				SDKROOT = auto;
				SUPPORTED_PLATFORMS = "iphoneos iphonesimulator macosx";
				SWIFT_EMIT_LOC_STRINGS = YES;
				SWIFT_VERSION = 5.0;
				TARGETED_DEVICE_FAMILY = "1,2";
			};
			name = Release;
		};
		DB6D292A2CA1C8F80099951A /* Debug */ = {
			isa = XCBuildConfiguration;
			buildSettings = {
				ALWAYS_EMBED_SWIFT_STANDARD_LIBRARIES = YES;
				BUNDLE_LOADER = "$(TEST_HOST)";
				CODE_SIGN_STYLE = Automatic;
				CURRENT_PROJECT_VERSION = 1;
				GENERATE_INFOPLIST_FILE = YES;
				IPHONEOS_DEPLOYMENT_TARGET = 17.2;
				MACOSX_DEPLOYMENT_TARGET = 14.2;
				MARKETING_VERSION = 1.0;
				PRODUCT_BUNDLE_IDENTIFIER = com.primodium.TubTests;
				PRODUCT_NAME = "$(TARGET_NAME)";
				SDKROOT = auto;
				SUPPORTED_PLATFORMS = "iphoneos iphonesimulator macosx";
				SWIFT_EMIT_LOC_STRINGS = NO;
				SWIFT_VERSION = 5.0;
				TARGETED_DEVICE_FAMILY = "1,2";
				TEST_HOST = "$(BUILT_PRODUCTS_DIR)/Tub.app/$(BUNDLE_EXECUTABLE_FOLDER_PATH)/Tub";
			};
			name = Debug;
		};
		DB6D292B2CA1C8F80099951A /* Release */ = {
			isa = XCBuildConfiguration;
			buildSettings = {
				ALWAYS_EMBED_SWIFT_STANDARD_LIBRARIES = YES;
				BUNDLE_LOADER = "$(TEST_HOST)";
				CODE_SIGN_STYLE = Automatic;
				CURRENT_PROJECT_VERSION = 1;
				GENERATE_INFOPLIST_FILE = YES;
				IPHONEOS_DEPLOYMENT_TARGET = 17.2;
				MACOSX_DEPLOYMENT_TARGET = 14.2;
				MARKETING_VERSION = 1.0;
				PRODUCT_BUNDLE_IDENTIFIER = com.primodium.TubTests;
				PRODUCT_NAME = "$(TARGET_NAME)";
				SDKROOT = auto;
				SUPPORTED_PLATFORMS = "iphoneos iphonesimulator macosx";
				SWIFT_EMIT_LOC_STRINGS = NO;
				SWIFT_VERSION = 5.0;
				TARGETED_DEVICE_FAMILY = "1,2";
				TEST_HOST = "$(BUILT_PRODUCTS_DIR)/Tub.app/$(BUNDLE_EXECUTABLE_FOLDER_PATH)/Tub";
			};
			name = Release;
		};
		DB6D292D2CA1C8F80099951A /* Debug */ = {
			isa = XCBuildConfiguration;
			buildSettings = {
				ALWAYS_EMBED_SWIFT_STANDARD_LIBRARIES = YES;
				CODE_SIGN_STYLE = Automatic;
				CURRENT_PROJECT_VERSION = 1;
				GENERATE_INFOPLIST_FILE = YES;
				IPHONEOS_DEPLOYMENT_TARGET = 17.2;
				MACOSX_DEPLOYMENT_TARGET = 14.2;
				MARKETING_VERSION = 1.0;
				PRODUCT_BUNDLE_IDENTIFIER = com.primodium.TubUITests;
				PRODUCT_NAME = "$(TARGET_NAME)";
				SDKROOT = auto;
				SUPPORTED_PLATFORMS = "iphoneos iphonesimulator macosx";
				SWIFT_EMIT_LOC_STRINGS = NO;
				SWIFT_VERSION = 5.0;
				TARGETED_DEVICE_FAMILY = "1,2";
				TEST_TARGET_NAME = Tub;
			};
			name = Debug;
		};
		DB6D292E2CA1C8F80099951A /* Release */ = {
			isa = XCBuildConfiguration;
			buildSettings = {
				ALWAYS_EMBED_SWIFT_STANDARD_LIBRARIES = YES;
				CODE_SIGN_STYLE = Automatic;
				CURRENT_PROJECT_VERSION = 1;
				GENERATE_INFOPLIST_FILE = YES;
				IPHONEOS_DEPLOYMENT_TARGET = 17.2;
				MACOSX_DEPLOYMENT_TARGET = 14.2;
				MARKETING_VERSION = 1.0;
				PRODUCT_BUNDLE_IDENTIFIER = com.primodium.TubUITests;
				PRODUCT_NAME = "$(TARGET_NAME)";
				SDKROOT = auto;
				SUPPORTED_PLATFORMS = "iphoneos iphonesimulator macosx";
				SWIFT_EMIT_LOC_STRINGS = NO;
				SWIFT_VERSION = 5.0;
				TARGETED_DEVICE_FAMILY = "1,2";
				TEST_TARGET_NAME = Tub;
			};
			name = Release;
		};
/* End XCBuildConfiguration section */

/* Begin XCConfigurationList section */
		DB6D28FC2CA1C8F70099951A /* Build configuration list for PBXProject "Tub" */ = {
			isa = XCConfigurationList;
			buildConfigurations = (
				DB6D29242CA1C8F80099951A /* Debug */,
				DB6D29252CA1C8F80099951A /* Release */,
			);
			defaultConfigurationIsVisible = 0;
			defaultConfigurationName = Release;
		};
		DB6D29262CA1C8F80099951A /* Build configuration list for PBXNativeTarget "Tub" */ = {
			isa = XCConfigurationList;
			buildConfigurations = (
				DB6D29272CA1C8F80099951A /* Debug */,
				DB6D29282CA1C8F80099951A /* Release */,
			);
			defaultConfigurationIsVisible = 0;
			defaultConfigurationName = Release;
		};
		DB6D29292CA1C8F80099951A /* Build configuration list for PBXNativeTarget "TubTests" */ = {
			isa = XCConfigurationList;
			buildConfigurations = (
				DB6D292A2CA1C8F80099951A /* Debug */,
				DB6D292B2CA1C8F80099951A /* Release */,
			);
			defaultConfigurationIsVisible = 0;
			defaultConfigurationName = Release;
		};
		DB6D292C2CA1C8F80099951A /* Build configuration list for PBXNativeTarget "TubUITests" */ = {
			isa = XCConfigurationList;
			buildConfigurations = (
				DB6D292D2CA1C8F80099951A /* Debug */,
				DB6D292E2CA1C8F80099951A /* Release */,
			);
			defaultConfigurationIsVisible = 0;
			defaultConfigurationName = Release;
		};
/* End XCConfigurationList section */
	};
	rootObject = DB6D28F92CA1C8F70099951A /* Project object */;
}
