// !$*UTF8*$!
{
	archiveVersion = 1;
	classes = {
	};
	objectVersion = 70;
	objects = {

/* Begin PBXBuildFile section */
		990B90F22CB5B41000B5B073 /* AccountSetupView.swift in Sources */ = {isa = PBXBuildFile; fileRef = 990B90F12CB5B40C00B5B073 /* AccountSetupView.swift */; };
		9910F1B62CAAE302005DEE6B /* SFRounded.swift in Sources */ = {isa = PBXBuildFile; fileRef = 9910F1B52CAAE2FD005DEE6B /* SFRounded.swift */; };
		9910F1BA2CAAEB80005DEE6B /* SwipeToEnterView.swift in Sources */ = {isa = PBXBuildFile; fileRef = 9910F1B92CAAEB77005DEE6B /* SwipeToEnterView.swift */; };
		991361A12CADE3B300E5D656 /* TokenListView.swift in Sources */ = {isa = PBXBuildFile; fileRef = 991361A02CADE3AA00E5D656 /* TokenListView.swift */; };
		99290EC02CB7110C003E740A /* FormatDate.swift in Sources */ = {isa = PBXBuildFile; fileRef = 99290EBF2CB7110C003E740A /* FormatDate.swift */; };
		9936FC582CADCA5200E21B8A /* Structs.swift in Sources */ = {isa = PBXBuildFile; fileRef = 9936FC562CADCA5200E21B8A /* Structs.swift */; };
		993E5D902CAEE423000E23A9 /* ApolloWebSocket in Frameworks */ = {isa = PBXBuildFile; productRef = 993E5D8F2CAEE423000E23A9 /* ApolloWebSocket */; };
		993E5D932CAEF33B000E23A9 /* subscriptions.graphql in Resources */ = {isa = PBXBuildFile; fileRef = 993E5D922CAEF33B000E23A9 /* subscriptions.graphql */; };
		993E5D942CAEF33B000E23A9 /* queries.graphql in Resources */ = {isa = PBXBuildFile; fileRef = 993E5D912CAEF33B000E23A9 /* queries.graphql */; };
		999F59562CA6F97100E7AE9F /* TokenModel.swift in Sources */ = {isa = PBXBuildFile; fileRef = 999F59552CA6F96D00E7AE9F /* TokenModel.swift */; };
		999F595B2CA754FB00E7AE9F /* ChartView.swift in Sources */ = {isa = PBXBuildFile; fileRef = 999F595A2CA754F900E7AE9F /* ChartView.swift */; };
		99AEE8302CAD9B8800C535C4 /* SliderWithPoints.swift in Sources */ = {isa = PBXBuildFile; fileRef = 99AEE82F2CAD9B8600C535C4 /* SliderWithPoints.swift */; };
		99BB98562CC1798600658059 /* CandleChartView.swift in Sources */ = {isa = PBXBuildFile; fileRef = 99BB98552CC1798400658059 /* CandleChartView.swift */; };
		99C26C1C2CAEE263004807A2 /* ApolloAPI in Frameworks */ = {isa = PBXBuildFile; productRef = 99C26C1B2CAEE263004807A2 /* ApolloAPI */; };
		99C26C1E2CAEE38B004807A2 /* ApolloWebSocket in Frameworks */ = {isa = PBXBuildFile; productRef = 99C26C1D2CAEE38B004807A2 /* ApolloWebSocket */; };
		99DDF62D2CB02816000234DA /* AccountView.swift in Sources */ = {isa = PBXBuildFile; fileRef = 99DDF62C2CB0280D000234DA /* AccountView.swift */; };
		99DED24E2CAF28C10055FC60 /* UserModel.swift in Sources */ = {isa = PBXBuildFile; fileRef = 99DED24D2CAF28BD0055FC60 /* UserModel.swift */; };
		99DED2512CAF2A6B0055FC60 /* ApolloCombine in Frameworks */ = {isa = PBXBuildFile; productRef = 99DED2502CAF2A6B0055FC60 /* ApolloCombine */; };
		99DED2532CAF2C6D0055FC60 /* RegisterView.swift in Sources */ = {isa = PBXBuildFile; fileRef = 99DED2522CAF2C6D0055FC60 /* RegisterView.swift */; };
		99E789492CC147C000C3CEEB /* ImageView.swift in Sources */ = {isa = PBXBuildFile; fileRef = 99E789482CC147BD00C3CEEB /* ImageView.swift */; };
		99FB68342CC003FC00070D2A /* LoadingView.swift in Sources */ = {isa = PBXBuildFile; fileRef = 99FB68332CC003FC00070D2A /* LoadingView.swift */; };
		DB10A95D2CA5AA1B00B1E4F3 /* TokenView.swift in Sources */ = {isa = PBXBuildFile; fileRef = DB10A95C2CA5AA1B00B1E4F3 /* TokenView.swift */; };
		DB458DB12CAC824A00C5EC18 /* TubAPI in Frameworks */ = {isa = PBXBuildFile; productRef = DB458DB02CAC824A00C5EC18 /* TubAPI */; };
		DB458DB42CAC827A00C5EC18 /* Network.swift in Sources */ = {isa = PBXBuildFile; fileRef = DB458DB32CAC827A00C5EC18 /* Network.swift */; };
		DB675A332CA2B73D006FC9B3 /* HomeTabsView.swift in Sources */ = {isa = PBXBuildFile; fileRef = DB675A322CA2B73D006FC9B3 /* HomeTabsView.swift */; };
		DB6D29052CA1C8F70099951A /* TubApp.swift in Sources */ = {isa = PBXBuildFile; fileRef = DB6D29042CA1C8F70099951A /* TubApp.swift */; };
		DB6D29092CA1C8F80099951A /* Assets.xcassets in Resources */ = {isa = PBXBuildFile; fileRef = DB6D29082CA1C8F80099951A /* Assets.xcassets */; };
		DB6D290D2CA1C8F80099951A /* Preview Assets.xcassets in Resources */ = {isa = PBXBuildFile; fileRef = DB6D290C2CA1C8F80099951A /* Preview Assets.xcassets */; };
		DB6D29172CA1C8F80099951A /* TubTests.swift in Sources */ = {isa = PBXBuildFile; fileRef = DB6D29162CA1C8F80099951A /* TubTests.swift */; };
		DB6D29212CA1C8F80099951A /* TubUITests.swift in Sources */ = {isa = PBXBuildFile; fileRef = DB6D29202CA1C8F80099951A /* TubUITests.swift */; };
		DB6D29232CA1C8F80099951A /* TubUITestsLaunchTests.swift in Sources */ = {isa = PBXBuildFile; fileRef = DB6D29222CA1C8F80099951A /* TubUITestsLaunchTests.swift */; };
		DF5A2FC32CAF165D00508A56 /* HistoryView.swift in Sources */ = {isa = PBXBuildFile; fileRef = DF5A2FC22CAF165D00508A56 /* HistoryView.swift */; };
		DF5A2FC52CAF2DEF00508A56 /* HistoryDetailsView.swift in Sources */ = {isa = PBXBuildFile; fileRef = DF5A2FC42CAF2DEF00508A56 /* HistoryDetailsView.swift */; };
		DFA36D562CB4278C00F63D2D /* DummyData.swift in Sources */ = {isa = PBXBuildFile; fileRef = DFA36D552CB4278C00F63D2D /* DummyData.swift */; };
		DFA4D6512CAC500B00AEDC73 /* Apollo in Frameworks */ = {isa = PBXBuildFile; productRef = DFA4D6502CAC500B00AEDC73 /* Apollo */; };
		DFC723E32CB9A86C003A915C /* TokenInfoCardView.swift in Sources */ = {isa = PBXBuildFile; fileRef = DFC723E22CB9A86C003A915C /* TokenInfoCardView.swift */; };
		DFF5292B2CC0121B007DC43F /* AppColors.swift in Sources */ = {isa = PBXBuildFile; fileRef = DFF5292A2CC0121B007DC43F /* AppColors.swift */; };
/* End PBXBuildFile section */

/* Begin PBXContainerItemProxy section */
		DB6D29132CA1C8F80099951A /* PBXContainerItemProxy */ = {
			isa = PBXContainerItemProxy;
			containerPortal = DB6D28F92CA1C8F70099951A /* Project object */;
			proxyType = 1;
			remoteGlobalIDString = DB6D29002CA1C8F70099951A;
			remoteInfo = Tub;
		};
		DB6D291D2CA1C8F80099951A /* PBXContainerItemProxy */ = {
			isa = PBXContainerItemProxy;
			containerPortal = DB6D28F92CA1C8F70099951A /* Project object */;
			proxyType = 1;
			remoteGlobalIDString = DB6D29002CA1C8F70099951A;
			remoteInfo = Tub;
		};
/* End PBXContainerItemProxy section */

/* Begin PBXFileReference section */
		990B90F12CB5B40C00B5B073 /* AccountSetupView.swift */ = {isa = PBXFileReference; lastKnownFileType = sourcecode.swift; path = AccountSetupView.swift; sourceTree = "<group>"; };
		9910F1B52CAAE2FD005DEE6B /* SFRounded.swift */ = {isa = PBXFileReference; lastKnownFileType = sourcecode.swift; path = SFRounded.swift; sourceTree = "<group>"; };
		9910F1B92CAAEB77005DEE6B /* SwipeToEnterView.swift */ = {isa = PBXFileReference; lastKnownFileType = sourcecode.swift; path = SwipeToEnterView.swift; sourceTree = "<group>"; };
		991361A02CADE3AA00E5D656 /* TokenListView.swift */ = {isa = PBXFileReference; lastKnownFileType = sourcecode.swift; path = TokenListView.swift; sourceTree = "<group>"; };
		99290EBF2CB7110C003E740A /* FormatDate.swift */ = {isa = PBXFileReference; lastKnownFileType = sourcecode.swift; path = FormatDate.swift; sourceTree = "<group>"; };
		9936FC562CADCA5200E21B8A /* Structs.swift */ = {isa = PBXFileReference; lastKnownFileType = sourcecode.swift; path = Structs.swift; sourceTree = "<group>"; };
		993E5D912CAEF33B000E23A9 /* queries.graphql */ = {isa = PBXFileReference; lastKnownFileType = text; path = queries.graphql; sourceTree = "<group>"; };
		993E5D922CAEF33B000E23A9 /* subscriptions.graphql */ = {isa = PBXFileReference; lastKnownFileType = text; path = subscriptions.graphql; sourceTree = "<group>"; };
		999F59552CA6F96D00E7AE9F /* TokenModel.swift */ = {isa = PBXFileReference; lastKnownFileType = sourcecode.swift; path = TokenModel.swift; sourceTree = "<group>"; };
		999F595A2CA754F900E7AE9F /* ChartView.swift */ = {isa = PBXFileReference; lastKnownFileType = sourcecode.swift; path = ChartView.swift; sourceTree = "<group>"; };
		99AEE82F2CAD9B8600C535C4 /* SliderWithPoints.swift */ = {isa = PBXFileReference; lastKnownFileType = sourcecode.swift; path = SliderWithPoints.swift; sourceTree = "<group>"; };
		99BB98552CC1798400658059 /* CandleChartView.swift */ = {isa = PBXFileReference; lastKnownFileType = sourcecode.swift; path = CandleChartView.swift; sourceTree = "<group>"; };
		99DDF62C2CB0280D000234DA /* AccountView.swift */ = {isa = PBXFileReference; lastKnownFileType = sourcecode.swift; path = AccountView.swift; sourceTree = "<group>"; };
		99DED24D2CAF28BD0055FC60 /* UserModel.swift */ = {isa = PBXFileReference; lastKnownFileType = sourcecode.swift; path = UserModel.swift; sourceTree = "<group>"; };
		99DED2522CAF2C6D0055FC60 /* RegisterView.swift */ = {isa = PBXFileReference; lastKnownFileType = sourcecode.swift; path = RegisterView.swift; sourceTree = "<group>"; };
		99E789482CC147BD00C3CEEB /* ImageView.swift */ = {isa = PBXFileReference; lastKnownFileType = sourcecode.swift; path = ImageView.swift; sourceTree = "<group>"; };
		99FB68332CC003FC00070D2A /* LoadingView.swift */ = {isa = PBXFileReference; lastKnownFileType = sourcecode.swift; path = LoadingView.swift; sourceTree = "<group>"; };
		DB10A95C2CA5AA1B00B1E4F3 /* TokenView.swift */ = {isa = PBXFileReference; lastKnownFileType = sourcecode.swift; path = TokenView.swift; sourceTree = "<group>"; };
		DB458DAA2CAC7F0100C5EC18 /* schema.graphqls */ = {isa = PBXFileReference; lastKnownFileType = text; path = schema.graphqls; sourceTree = "<group>"; };
		DB458DB32CAC827A00C5EC18 /* Network.swift */ = {isa = PBXFileReference; lastKnownFileType = sourcecode.swift; path = Network.swift; sourceTree = "<group>"; };
		DB675A322CA2B73D006FC9B3 /* HomeTabsView.swift */ = {isa = PBXFileReference; lastKnownFileType = sourcecode.swift; path = HomeTabsView.swift; sourceTree = "<group>"; };
		DB6D29012CA1C8F70099951A /* Tub.app */ = {isa = PBXFileReference; explicitFileType = wrapper.application; includeInIndex = 0; path = Tub.app; sourceTree = BUILT_PRODUCTS_DIR; };
		DB6D29042CA1C8F70099951A /* TubApp.swift */ = {isa = PBXFileReference; lastKnownFileType = sourcecode.swift; path = TubApp.swift; sourceTree = "<group>"; };
		DB6D29082CA1C8F80099951A /* Assets.xcassets */ = {isa = PBXFileReference; lastKnownFileType = folder.assetcatalog; path = Assets.xcassets; sourceTree = "<group>"; };
		DB6D290A2CA1C8F80099951A /* Tub.entitlements */ = {isa = PBXFileReference; lastKnownFileType = text.plist.entitlements; path = Tub.entitlements; sourceTree = "<group>"; };
		DB6D290C2CA1C8F80099951A /* Preview Assets.xcassets */ = {isa = PBXFileReference; lastKnownFileType = folder.assetcatalog; path = "Preview Assets.xcassets"; sourceTree = "<group>"; };
		DB6D29122CA1C8F80099951A /* TubTests.xctest */ = {isa = PBXFileReference; explicitFileType = wrapper.cfbundle; includeInIndex = 0; path = TubTests.xctest; sourceTree = BUILT_PRODUCTS_DIR; };
		DB6D29162CA1C8F80099951A /* TubTests.swift */ = {isa = PBXFileReference; lastKnownFileType = sourcecode.swift; path = TubTests.swift; sourceTree = "<group>"; };
		DB6D291C2CA1C8F80099951A /* TubUITests.xctest */ = {isa = PBXFileReference; explicitFileType = wrapper.cfbundle; includeInIndex = 0; path = TubUITests.xctest; sourceTree = BUILT_PRODUCTS_DIR; };
		DB6D29202CA1C8F80099951A /* TubUITests.swift */ = {isa = PBXFileReference; lastKnownFileType = sourcecode.swift; path = TubUITests.swift; sourceTree = "<group>"; };
		DB6D29222CA1C8F80099951A /* TubUITestsLaunchTests.swift */ = {isa = PBXFileReference; lastKnownFileType = sourcecode.swift; path = TubUITestsLaunchTests.swift; sourceTree = "<group>"; };
		DF5A2FC22CAF165D00508A56 /* HistoryView.swift */ = {isa = PBXFileReference; lastKnownFileType = sourcecode.swift; path = HistoryView.swift; sourceTree = "<group>"; };
		DF5A2FC42CAF2DEF00508A56 /* HistoryDetailsView.swift */ = {isa = PBXFileReference; lastKnownFileType = sourcecode.swift; path = HistoryDetailsView.swift; sourceTree = "<group>"; };
		DFA36D552CB4278C00F63D2D /* DummyData.swift */ = {isa = PBXFileReference; lastKnownFileType = sourcecode.swift; name = DummyData.swift; path = Tub/Sources/Models/DummyData.swift; sourceTree = SOURCE_ROOT; };
		DFC723E22CB9A86C003A915C /* TokenInfoCardView.swift */ = {isa = PBXFileReference; lastKnownFileType = sourcecode.swift; path = TokenInfoCardView.swift; sourceTree = "<group>"; };
		DFF5292A2CC0121B007DC43F /* AppColors.swift */ = {isa = PBXFileReference; lastKnownFileType = sourcecode.swift; path = AppColors.swift; sourceTree = "<group>"; };
/* End PBXFileReference section */

/* Begin PBXFileSystemSynchronizedRootGroup section */
		99DDF62E2CB0333D000234DA /* BuySellForm */ = {isa = PBXFileSystemSynchronizedRootGroup; explicitFileTypes = {}; explicitFolders = (); path = BuySellForm; sourceTree = "<group>"; };
/* End PBXFileSystemSynchronizedRootGroup section */

/* Begin PBXFrameworksBuildPhase section */
		DB6D28FE2CA1C8F70099951A /* Frameworks */ = {
			isa = PBXFrameworksBuildPhase;
			buildActionMask = 2147483647;
			files = (
				99DED2512CAF2A6B0055FC60 /* ApolloCombine in Frameworks */,
				99C26C1C2CAEE263004807A2 /* ApolloAPI in Frameworks */,
				993E5D902CAEE423000E23A9 /* ApolloWebSocket in Frameworks */,
				DFA4D6512CAC500B00AEDC73 /* Apollo in Frameworks */,
				DB458DB12CAC824A00C5EC18 /* TubAPI in Frameworks */,
			);
			runOnlyForDeploymentPostprocessing = 0;
		};
		DB6D290F2CA1C8F80099951A /* Frameworks */ = {
			isa = PBXFrameworksBuildPhase;
			buildActionMask = 2147483647;
			files = (
				99C26C1E2CAEE38B004807A2 /* ApolloWebSocket in Frameworks */,
			);
			runOnlyForDeploymentPostprocessing = 0;
		};
		DB6D29192CA1C8F80099951A /* Frameworks */ = {
			isa = PBXFrameworksBuildPhase;
			buildActionMask = 2147483647;
			files = (
			);
			runOnlyForDeploymentPostprocessing = 0;
		};
/* End PBXFrameworksBuildPhase section */

/* Begin PBXGroup section */
		9910F1B42CAAE2F0005DEE6B /* Fonts */ = {
			isa = PBXGroup;
			children = (
				9910F1B52CAAE2FD005DEE6B /* SFRounded.swift */,
			);
			path = Fonts;
			sourceTree = "<group>";
		};
		9979D2F02CB57B840040DF41 /* Utils */ = {
			isa = PBXGroup;
			children = (
				99290EBF2CB7110C003E740A /* FormatDate.swift */,
			);
			path = Utils;
			sourceTree = "<group>";
		};
		999F59522CA6F6A900E7AE9F /* Views */ = {
			isa = PBXGroup;
			children = (
				99DD66022CB80D5B00B56450 /* Common */,
				99DD66012CB80D3D00B56450 /* Token */,
				99DD65FF2CB80D1100B56450 /* History */,
				99DD65FE2CB80D0300B56450 /* Account */,
				DB675A322CA2B73D006FC9B3 /* HomeTabsView.swift */,
			);
			path = Views;
			sourceTree = "<group>";
		};
		999F59532CA6F70C00E7AE9F /* Models */ = {
			isa = PBXGroup;
			children = (
				99DED24D2CAF28BD0055FC60 /* UserModel.swift */,
				999F59552CA6F96D00E7AE9F /* TokenModel.swift */,
				DFA36D552CB4278C00F63D2D /* DummyData.swift */,
			);
			path = Models;
			sourceTree = "<group>";
		};
		99A7CD502CB80C4100F27964 /* Sources */ = {
			isa = PBXGroup;
			children = (
				999F59532CA6F70C00E7AE9F /* Models */,
				999F59522CA6F6A900E7AE9F /* Views */,
				9936FC562CADCA5200E21B8A /* Structs.swift */,
				DFF5292A2CC0121B007DC43F /* AppColors.swift */,
				DB458DB32CAC827A00C5EC18 /* Network.swift */,
				DB6D29042CA1C8F70099951A /* TubApp.swift */,
			);
			path = Sources;
			sourceTree = "<group>";
		};
		99DD65FE2CB80D0300B56450 /* Account */ = {
			isa = PBXGroup;
			children = (
				990B90F12CB5B40C00B5B073 /* AccountSetupView.swift */,
				99DDF62C2CB0280D000234DA /* AccountView.swift */,
				99DED2522CAF2C6D0055FC60 /* RegisterView.swift */,
			);
			path = Account;
			sourceTree = "<group>";
		};
		99DD65FF2CB80D1100B56450 /* History */ = {
			isa = PBXGroup;
			children = (
				DF5A2FC22CAF165D00508A56 /* HistoryView.swift */,
				DF5A2FC42CAF2DEF00508A56 /* HistoryDetailsView.swift */,
			);
			path = History;
			sourceTree = "<group>";
		};
		99DD66012CB80D3D00B56450 /* Token */ = {
			isa = PBXGroup;
			children = (
				991361A02CADE3AA00E5D656 /* TokenListView.swift */,
				DB10A95C2CA5AA1B00B1E4F3 /* TokenView.swift */,
				DFC723E22CB9A86C003A915C /* TokenInfoCardView.swift */,
				99DDF62E2CB0333D000234DA /* BuySellForm */,
			);
			path = Token;
			sourceTree = "<group>";
		};
		99DD66022CB80D5B00B56450 /* Common */ = {
			isa = PBXGroup;
			children = (
				99BB98552CC1798400658059 /* CandleChartView.swift */,
				99E789482CC147BD00C3CEEB /* ImageView.swift */,
				99FB68332CC003FC00070D2A /* LoadingView.swift */,
				99AEE82F2CAD9B8600C535C4 /* SliderWithPoints.swift */,
				9910F1B92CAAEB77005DEE6B /* SwipeToEnterView.swift */,
				999F595A2CA754F900E7AE9F /* ChartView.swift */,
			);
			path = Common;
			sourceTree = "<group>";
		};
		DB458DAB2CAC7F0100C5EC18 /* graphql */ = {
			isa = PBXGroup;
			children = (
				993E5D912CAEF33B000E23A9 /* queries.graphql */,
				993E5D922CAEF33B000E23A9 /* subscriptions.graphql */,
				DB458DAA2CAC7F0100C5EC18 /* schema.graphqls */,
			);
			path = graphql;
			sourceTree = "<group>";
		};
		DB458DAF2CAC824A00C5EC18 /* Frameworks */ = {
			isa = PBXGroup;
			children = (
			);
			name = Frameworks;
			sourceTree = "<group>";
		};
		DB6D28F82CA1C8F70099951A = {
			isa = PBXGroup;
			children = (
				DB458DAB2CAC7F0100C5EC18 /* graphql */,
				DB6D29032CA1C8F70099951A /* Tub */,
				DB6D291F2CA1C8F80099951A /* TubUITests */,
				DB458DAF2CAC824A00C5EC18 /* Frameworks */,
				DB6D29022CA1C8F70099951A /* Products */,
			);
			sourceTree = "<group>";
		};
		DB6D29022CA1C8F70099951A /* Products */ = {
			isa = PBXGroup;
			children = (
				DB6D29012CA1C8F70099951A /* Tub.app */,
				DB6D29122CA1C8F80099951A /* TubTests.xctest */,
				DB6D291C2CA1C8F80099951A /* TubUITests.xctest */,
			);
			name = Products;
			sourceTree = "<group>";
		};
		DB6D29032CA1C8F70099951A /* Tub */ = {
			isa = PBXGroup;
			children = (
				99A7CD502CB80C4100F27964 /* Sources */,
				9910F1B42CAAE2F0005DEE6B /* Fonts */,
				DB6D29082CA1C8F80099951A /* Assets.xcassets */,
				DB6D290A2CA1C8F80099951A /* Tub.entitlements */,
				DB6D290B2CA1C8F80099951A /* Preview Content */,
				9979D2F02CB57B840040DF41 /* Utils */,
				DB6D29152CA1C8F80099951A /* TubTests */,
			);
			path = Tub;
			sourceTree = "<group>";
		};
		DB6D290B2CA1C8F80099951A /* Preview Content */ = {
			isa = PBXGroup;
			children = (
				DB6D290C2CA1C8F80099951A /* Preview Assets.xcassets */,
			);
			path = "Preview Content";
			sourceTree = "<group>";
		};
		DB6D29152CA1C8F80099951A /* TubTests */ = {
			isa = PBXGroup;
			children = (
				DB6D29162CA1C8F80099951A /* TubTests.swift */,
			);
			path = TubTests;
			sourceTree = "<group>";
		};
		DB6D291F2CA1C8F80099951A /* TubUITests */ = {
			isa = PBXGroup;
			children = (
				DB6D29202CA1C8F80099951A /* TubUITests.swift */,
				DB6D29222CA1C8F80099951A /* TubUITestsLaunchTests.swift */,
			);
			path = TubUITests;
			sourceTree = "<group>";
		};
/* End PBXGroup section */

/* Begin PBXNativeTarget section */
		DB6D29002CA1C8F70099951A /* Tub */ = {
			isa = PBXNativeTarget;
			buildConfigurationList = DB6D29262CA1C8F80099951A /* Build configuration list for PBXNativeTarget "Tub" */;
			buildPhases = (
				DB6D28FD2CA1C8F70099951A /* Sources */,
				DB6D28FE2CA1C8F70099951A /* Frameworks */,
				DB6D28FF2CA1C8F70099951A /* Resources */,
			);
			buildRules = (
			);
			dependencies = (
			);
			fileSystemSynchronizedGroups = (
				99DDF62E2CB0333D000234DA /* BuySellForm */,
			);
			name = Tub;
			packageProductDependencies = (
				DFA4D6502CAC500B00AEDC73 /* Apollo */,
				DB458DB02CAC824A00C5EC18 /* TubAPI */,
				99C26C1B2CAEE263004807A2 /* ApolloAPI */,
				993E5D8F2CAEE423000E23A9 /* ApolloWebSocket */,
				99DED2502CAF2A6B0055FC60 /* ApolloCombine */,
			);
			productName = Tub;
			productReference = DB6D29012CA1C8F70099951A /* Tub.app */;
			productType = "com.apple.product-type.application";
		};
		DB6D29112CA1C8F80099951A /* TubTests */ = {
			isa = PBXNativeTarget;
			buildConfigurationList = DB6D29292CA1C8F80099951A /* Build configuration list for PBXNativeTarget "TubTests" */;
			buildPhases = (
				DB6D290E2CA1C8F80099951A /* Sources */,
				DB6D290F2CA1C8F80099951A /* Frameworks */,
				DB6D29102CA1C8F80099951A /* Resources */,
			);
			buildRules = (
			);
			dependencies = (
				DB6D29142CA1C8F80099951A /* PBXTargetDependency */,
			);
			name = TubTests;
			productName = TubTests;
			productReference = DB6D29122CA1C8F80099951A /* TubTests.xctest */;
			productType = "com.apple.product-type.bundle.unit-test";
		};
		DB6D291B2CA1C8F80099951A /* TubUITests */ = {
			isa = PBXNativeTarget;
			buildConfigurationList = DB6D292C2CA1C8F80099951A /* Build configuration list for PBXNativeTarget "TubUITests" */;
			buildPhases = (
				DB6D29182CA1C8F80099951A /* Sources */,
				DB6D29192CA1C8F80099951A /* Frameworks */,
				DB6D291A2CA1C8F80099951A /* Resources */,
			);
			buildRules = (
			);
			dependencies = (
				DB6D291E2CA1C8F80099951A /* PBXTargetDependency */,
			);
			name = TubUITests;
			productName = TubUITests;
			productReference = DB6D291C2CA1C8F80099951A /* TubUITests.xctest */;
			productType = "com.apple.product-type.bundle.ui-testing";
		};
/* End PBXNativeTarget section */

/* Begin PBXProject section */
		DB6D28F92CA1C8F70099951A /* Project object */ = {
			isa = PBXProject;
			attributes = {
				BuildIndependentTargetsInParallel = 1;
				LastSwiftUpdateCheck = 1520;
				LastUpgradeCheck = 1520;
				TargetAttributes = {
					DB6D29002CA1C8F70099951A = {
						CreatedOnToolsVersion = 15.2;
					};
					DB6D29112CA1C8F80099951A = {
						CreatedOnToolsVersion = 15.2;
						TestTargetID = DB6D29002CA1C8F70099951A;
					};
					DB6D291B2CA1C8F80099951A = {
						CreatedOnToolsVersion = 15.2;
						TestTargetID = DB6D29002CA1C8F70099951A;
					};
				};
			};
			buildConfigurationList = DB6D28FC2CA1C8F70099951A /* Build configuration list for PBXProject "Tub" */;
			compatibilityVersion = "Xcode 14.0";
			developmentRegion = en;
			hasScannedForEncodings = 0;
			knownRegions = (
				en,
				Base,
			);
			mainGroup = DB6D28F82CA1C8F70099951A;
			packageReferences = (
				999F59592CA754CB00E7AE9F /* XCRemoteSwiftPackageReference "Charts" */,
				DFA4D64F2CAC500B00AEDC73 /* XCRemoteSwiftPackageReference "apollo-ios" */,
				DFA4D6522CAC50FE00AEDC73 /* XCRemoteSwiftPackageReference "apollo-ios-codegen" */,
				DB458DAE2CAC821D00C5EC18 /* XCLocalSwiftPackageReference "TubAPI" */,
				99DED24F2CAF2A6B0055FC60 /* XCRemoteSwiftPackageReference "ApolloCombine" */,
			);
			productRefGroup = DB6D29022CA1C8F70099951A /* Products */;
			projectDirPath = "";
			projectRoot = "";
			targets = (
				DB6D29002CA1C8F70099951A /* Tub */,
				DB6D29112CA1C8F80099951A /* TubTests */,
				DB6D291B2CA1C8F80099951A /* TubUITests */,
			);
		};
/* End PBXProject section */

/* Begin PBXResourcesBuildPhase section */
		DB6D28FF2CA1C8F70099951A /* Resources */ = {
			isa = PBXResourcesBuildPhase;
			buildActionMask = 2147483647;
			files = (
				DB6D290D2CA1C8F80099951A /* Preview Assets.xcassets in Resources */,
				DB6D29092CA1C8F80099951A /* Assets.xcassets in Resources */,
				993E5D932CAEF33B000E23A9 /* subscriptions.graphql in Resources */,
				993E5D942CAEF33B000E23A9 /* queries.graphql in Resources */,
			);
			runOnlyForDeploymentPostprocessing = 0;
		};
		DB6D29102CA1C8F80099951A /* Resources */ = {
			isa = PBXResourcesBuildPhase;
			buildActionMask = 2147483647;
			files = (
			);
			runOnlyForDeploymentPostprocessing = 0;
		};
		DB6D291A2CA1C8F80099951A /* Resources */ = {
			isa = PBXResourcesBuildPhase;
			buildActionMask = 2147483647;
			files = (
			);
			runOnlyForDeploymentPostprocessing = 0;
		};
/* End PBXResourcesBuildPhase section */

/* Begin PBXSourcesBuildPhase section */
		DB6D28FD2CA1C8F70099951A /* Sources */ = {
			isa = PBXSourcesBuildPhase;
			buildActionMask = 2147483647;
			files = (
				991361A12CADE3B300E5D656 /* TokenListView.swift in Sources */,
				DFC723E32CB9A86C003A915C /* TokenInfoCardView.swift in Sources */,
				9910F1B62CAAE302005DEE6B /* SFRounded.swift in Sources */,
				990B90F22CB5B41000B5B073 /* AccountSetupView.swift in Sources */,
				99DDF62D2CB02816000234DA /* AccountView.swift in Sources */,
				9936FC582CADCA5200E21B8A /* Structs.swift in Sources */,
				DB458DB42CAC827A00C5EC18 /* Network.swift in Sources */,
				DB675A332CA2B73D006FC9B3 /* HomeTabsView.swift in Sources */,
				99DED2532CAF2C6D0055FC60 /* RegisterView.swift in Sources */,
				DF5A2FC32CAF165D00508A56 /* HistoryView.swift in Sources */,
				DF5A2FC52CAF2DEF00508A56 /* HistoryDetailsView.swift in Sources */,
				99AEE8302CAD9B8800C535C4 /* SliderWithPoints.swift in Sources */,
				999F595B2CA754FB00E7AE9F /* ChartView.swift in Sources */,
				DFF5292B2CC0121B007DC43F /* AppColors.swift in Sources */,
				99DED24E2CAF28C10055FC60 /* UserModel.swift in Sources */,
				99290EC02CB7110C003E740A /* FormatDate.swift in Sources */,
				DB10A95D2CA5AA1B00B1E4F3 /* TokenView.swift in Sources */,
				9910F1BA2CAAEB80005DEE6B /* SwipeToEnterView.swift in Sources */,
				DB6D29052CA1C8F70099951A /* TubApp.swift in Sources */,
				99FB68342CC003FC00070D2A /* LoadingView.swift in Sources */,
				999F59562CA6F97100E7AE9F /* TokenModel.swift in Sources */,
				99BB98562CC1798600658059 /* CandleChartView.swift in Sources */,
				99E789492CC147C000C3CEEB /* ImageView.swift in Sources */,
				DFA36D562CB4278C00F63D2D /* DummyData.swift in Sources */,
				999F59562CA6F97100E7AE9F /* TokenModel.swift in Sources */,
			);
			runOnlyForDeploymentPostprocessing = 0;
		};
		DB6D290E2CA1C8F80099951A /* Sources */ = {
			isa = PBXSourcesBuildPhase;
			buildActionMask = 2147483647;
			files = (
				DB6D29172CA1C8F80099951A /* TubTests.swift in Sources */,
			);
			runOnlyForDeploymentPostprocessing = 0;
		};
		DB6D29182CA1C8F80099951A /* Sources */ = {
			isa = PBXSourcesBuildPhase;
			buildActionMask = 2147483647;
			files = (
				DB6D29232CA1C8F80099951A /* TubUITestsLaunchTests.swift in Sources */,
				DB6D29212CA1C8F80099951A /* TubUITests.swift in Sources */,
			);
			runOnlyForDeploymentPostprocessing = 0;
		};
/* End PBXSourcesBuildPhase section */

/* Begin PBXTargetDependency section */
		DB6D29142CA1C8F80099951A /* PBXTargetDependency */ = {
			isa = PBXTargetDependency;
			target = DB6D29002CA1C8F70099951A /* Tub */;
			targetProxy = DB6D29132CA1C8F80099951A /* PBXContainerItemProxy */;
		};
		DB6D291E2CA1C8F80099951A /* PBXTargetDependency */ = {
			isa = PBXTargetDependency;
			target = DB6D29002CA1C8F70099951A /* Tub */;
			targetProxy = DB6D291D2CA1C8F80099951A /* PBXContainerItemProxy */;
		};
/* End PBXTargetDependency section */

/* Begin XCBuildConfiguration section */
		DB6D29242CA1C8F80099951A /* Debug */ = {
			isa = XCBuildConfiguration;
			buildSettings = {
				ALWAYS_SEARCH_USER_PATHS = NO;
				ASSETCATALOG_COMPILER_GENERATE_SWIFT_ASSET_SYMBOL_EXTENSIONS = YES;
				CLANG_ANALYZER_NONNULL = YES;
				CLANG_ANALYZER_NUMBER_OBJECT_CONVERSION = YES_AGGRESSIVE;
				CLANG_CXX_LANGUAGE_STANDARD = "gnu++20";
				CLANG_ENABLE_MODULES = YES;
				CLANG_ENABLE_OBJC_ARC = YES;
				CLANG_ENABLE_OBJC_WEAK = YES;
				CLANG_WARN_BLOCK_CAPTURE_AUTORELEASING = YES;
				CLANG_WARN_BOOL_CONVERSION = YES;
				CLANG_WARN_COMMA = YES;
				CLANG_WARN_CONSTANT_CONVERSION = YES;
				CLANG_WARN_DEPRECATED_OBJC_IMPLEMENTATIONS = YES;
				CLANG_WARN_DIRECT_OBJC_ISA_USAGE = YES_ERROR;
				CLANG_WARN_DOCUMENTATION_COMMENTS = YES;
				CLANG_WARN_EMPTY_BODY = YES;
				CLANG_WARN_ENUM_CONVERSION = YES;
				CLANG_WARN_INFINITE_RECURSION = YES;
				CLANG_WARN_INT_CONVERSION = YES;
				CLANG_WARN_NON_LITERAL_NULL_CONVERSION = YES;
				CLANG_WARN_OBJC_IMPLICIT_RETAIN_SELF = YES;
				CLANG_WARN_OBJC_LITERAL_CONVERSION = YES;
				CLANG_WARN_OBJC_ROOT_CLASS = YES_ERROR;
				CLANG_WARN_QUOTED_INCLUDE_IN_FRAMEWORK_HEADER = YES;
				CLANG_WARN_RANGE_LOOP_ANALYSIS = YES;
				CLANG_WARN_STRICT_PROTOTYPES = YES;
				CLANG_WARN_SUSPICIOUS_MOVE = YES;
				CLANG_WARN_UNGUARDED_AVAILABILITY = YES_AGGRESSIVE;
				CLANG_WARN_UNREACHABLE_CODE = YES;
				CLANG_WARN__DUPLICATE_METHOD_MATCH = YES;
				COPY_PHASE_STRIP = NO;
				DEBUG_INFORMATION_FORMAT = dwarf;
				ENABLE_STRICT_OBJC_MSGSEND = YES;
				ENABLE_TESTABILITY = YES;
				ENABLE_USER_SCRIPT_SANDBOXING = YES;
				GCC_C_LANGUAGE_STANDARD = gnu17;
				GCC_DYNAMIC_NO_PIC = NO;
				GCC_NO_COMMON_BLOCKS = YES;
				GCC_OPTIMIZATION_LEVEL = 0;
				GCC_PREPROCESSOR_DEFINITIONS = (
					"DEBUG=1",
					"$(inherited)",
				);
				GCC_WARN_64_TO_32_BIT_CONVERSION = YES;
				GCC_WARN_ABOUT_RETURN_TYPE = YES_ERROR;
				GCC_WARN_UNDECLARED_SELECTOR = YES;
				GCC_WARN_UNINITIALIZED_AUTOS = YES_AGGRESSIVE;
				GCC_WARN_UNUSED_FUNCTION = YES;
				GCC_WARN_UNUSED_VARIABLE = YES;
				LOCALIZATION_PREFERS_STRING_CATALOGS = YES;
				MTL_ENABLE_DEBUG_INFO = INCLUDE_SOURCE;
				MTL_FAST_MATH = YES;
				ONLY_ACTIVE_ARCH = YES;
				SWIFT_ACTIVE_COMPILATION_CONDITIONS = "DEBUG $(inherited)";
				SWIFT_OPTIMIZATION_LEVEL = "-Onone";
			};
			name = Debug;
		};
		DB6D29252CA1C8F80099951A /* Release */ = {
			isa = XCBuildConfiguration;
			buildSettings = {
				ALWAYS_SEARCH_USER_PATHS = NO;
				ASSETCATALOG_COMPILER_GENERATE_SWIFT_ASSET_SYMBOL_EXTENSIONS = YES;
				CLANG_ANALYZER_NONNULL = YES;
				CLANG_ANALYZER_NUMBER_OBJECT_CONVERSION = YES_AGGRESSIVE;
				CLANG_CXX_LANGUAGE_STANDARD = "gnu++20";
				CLANG_ENABLE_MODULES = YES;
				CLANG_ENABLE_OBJC_ARC = YES;
				CLANG_ENABLE_OBJC_WEAK = YES;
				CLANG_WARN_BLOCK_CAPTURE_AUTORELEASING = YES;
				CLANG_WARN_BOOL_CONVERSION = YES;
				CLANG_WARN_COMMA = YES;
				CLANG_WARN_CONSTANT_CONVERSION = YES;
				CLANG_WARN_DEPRECATED_OBJC_IMPLEMENTATIONS = YES;
				CLANG_WARN_DIRECT_OBJC_ISA_USAGE = YES_ERROR;
				CLANG_WARN_DOCUMENTATION_COMMENTS = YES;
				CLANG_WARN_EMPTY_BODY = YES;
				CLANG_WARN_ENUM_CONVERSION = YES;
				CLANG_WARN_INFINITE_RECURSION = YES;
				CLANG_WARN_INT_CONVERSION = YES;
				CLANG_WARN_NON_LITERAL_NULL_CONVERSION = YES;
				CLANG_WARN_OBJC_IMPLICIT_RETAIN_SELF = YES;
				CLANG_WARN_OBJC_LITERAL_CONVERSION = YES;
				CLANG_WARN_OBJC_ROOT_CLASS = YES_ERROR;
				CLANG_WARN_QUOTED_INCLUDE_IN_FRAMEWORK_HEADER = YES;
				CLANG_WARN_RANGE_LOOP_ANALYSIS = YES;
				CLANG_WARN_STRICT_PROTOTYPES = YES;
				CLANG_WARN_SUSPICIOUS_MOVE = YES;
				CLANG_WARN_UNGUARDED_AVAILABILITY = YES_AGGRESSIVE;
				CLANG_WARN_UNREACHABLE_CODE = YES;
				CLANG_WARN__DUPLICATE_METHOD_MATCH = YES;
				COPY_PHASE_STRIP = NO;
				DEBUG_INFORMATION_FORMAT = "dwarf-with-dsym";
				ENABLE_NS_ASSERTIONS = NO;
				ENABLE_STRICT_OBJC_MSGSEND = YES;
				ENABLE_USER_SCRIPT_SANDBOXING = YES;
				GCC_C_LANGUAGE_STANDARD = gnu17;
				GCC_NO_COMMON_BLOCKS = YES;
				GCC_WARN_64_TO_32_BIT_CONVERSION = YES;
				GCC_WARN_ABOUT_RETURN_TYPE = YES_ERROR;
				GCC_WARN_UNDECLARED_SELECTOR = YES;
				GCC_WARN_UNINITIALIZED_AUTOS = YES_AGGRESSIVE;
				GCC_WARN_UNUSED_FUNCTION = YES;
				GCC_WARN_UNUSED_VARIABLE = YES;
				LOCALIZATION_PREFERS_STRING_CATALOGS = YES;
				MTL_ENABLE_DEBUG_INFO = NO;
				MTL_FAST_MATH = YES;
				SWIFT_COMPILATION_MODE = wholemodule;
			};
			name = Release;
		};
		DB6D29272CA1C8F80099951A /* Debug */ = {
			isa = XCBuildConfiguration;
			buildSettings = {
				ASSETCATALOG_COMPILER_APPICON_NAME = AppIcon;
				ASSETCATALOG_COMPILER_GLOBAL_ACCENT_COLOR_NAME = AccentColor;
				ASSETCATALOG_COMPILER_INCLUDE_ALL_APPICON_ASSETS = NO;
				CODE_SIGN_ENTITLEMENTS = Tub/Tub.entitlements;
				"CODE_SIGN_IDENTITY[sdk=macosx*]" = "Apple Development";
				CODE_SIGN_STYLE = Automatic;
				CURRENT_PROJECT_VERSION = 1;
				DEVELOPMENT_ASSET_PATHS = "\"Tub/Preview Content\"";
				DEVELOPMENT_TEAM = 7SY3D5W84Q;
				ENABLE_PREVIEWS = YES;
				GENERATE_INFOPLIST_FILE = YES;
				INFOPLIST_KEY_CFBundleDisplayName = Tub;
				INFOPLIST_KEY_LSApplicationCategoryType = "public.app-category.entertainment";
				"INFOPLIST_KEY_UIApplicationSceneManifest_Generation[sdk=iphoneos*]" = YES;
				"INFOPLIST_KEY_UIApplicationSceneManifest_Generation[sdk=iphonesimulator*]" = YES;
				"INFOPLIST_KEY_UIApplicationSupportsIndirectInputEvents[sdk=iphoneos*]" = YES;
				"INFOPLIST_KEY_UIApplicationSupportsIndirectInputEvents[sdk=iphonesimulator*]" = YES;
				"INFOPLIST_KEY_UILaunchScreen_Generation[sdk=iphoneos*]" = YES;
				"INFOPLIST_KEY_UILaunchScreen_Generation[sdk=iphonesimulator*]" = YES;
				"INFOPLIST_KEY_UIStatusBarStyle[sdk=iphoneos*]" = UIStatusBarStyleDefault;
				"INFOPLIST_KEY_UIStatusBarStyle[sdk=iphonesimulator*]" = UIStatusBarStyleDefault;
				INFOPLIST_KEY_UISupportedInterfaceOrientations_iPad = "UIInterfaceOrientationPortrait UIInterfaceOrientationPortraitUpsideDown UIInterfaceOrientationLandscapeLeft UIInterfaceOrientationLandscapeRight";
				INFOPLIST_KEY_UISupportedInterfaceOrientations_iPhone = "UIInterfaceOrientationPortrait UIInterfaceOrientationLandscapeLeft UIInterfaceOrientationLandscapeRight";
				IPHONEOS_DEPLOYMENT_TARGET = 17.2;
				LD_RUNPATH_SEARCH_PATHS = "@executable_path/Frameworks";
				"LD_RUNPATH_SEARCH_PATHS[sdk=macosx*]" = "@executable_path/../Frameworks";
				MACOSX_DEPLOYMENT_TARGET = 14.2;
				MARKETING_VERSION = 1.0;
				PRODUCT_BUNDLE_IDENTIFIER = com.primodium.tub;
				PRODUCT_NAME = "$(TARGET_NAME)";
				SDKROOT = auto;
				SUPPORTED_PLATFORMS = "iphoneos iphonesimulator";
				SUPPORTS_MACCATALYST = NO;
				SWIFT_EMIT_LOC_STRINGS = YES;
				SWIFT_VERSION = 5.0;
				TARGETED_DEVICE_FAMILY = "1,2";
			};
			name = Debug;
		};
		DB6D29282CA1C8F80099951A /* Release */ = {
			isa = XCBuildConfiguration;
			buildSettings = {
				ASSETCATALOG_COMPILER_APPICON_NAME = AppIcon;
				ASSETCATALOG_COMPILER_GLOBAL_ACCENT_COLOR_NAME = AccentColor;
				ASSETCATALOG_COMPILER_INCLUDE_ALL_APPICON_ASSETS = NO;
				CODE_SIGN_ENTITLEMENTS = Tub/Tub.entitlements;
				"CODE_SIGN_IDENTITY[sdk=macosx*]" = "Apple Development";
				CODE_SIGN_STYLE = Automatic;
				CURRENT_PROJECT_VERSION = 1;
				DEVELOPMENT_ASSET_PATHS = "\"Tub/Preview Content\"";
				DEVELOPMENT_TEAM = 7SY3D5W84Q;
				ENABLE_PREVIEWS = YES;
				GENERATE_INFOPLIST_FILE = YES;
				INFOPLIST_KEY_CFBundleDisplayName = Tub;
				INFOPLIST_KEY_LSApplicationCategoryType = "public.app-category.entertainment";
				"INFOPLIST_KEY_UIApplicationSceneManifest_Generation[sdk=iphoneos*]" = YES;
				"INFOPLIST_KEY_UIApplicationSceneManifest_Generation[sdk=iphonesimulator*]" = YES;
				"INFOPLIST_KEY_UIApplicationSupportsIndirectInputEvents[sdk=iphoneos*]" = YES;
				"INFOPLIST_KEY_UIApplicationSupportsIndirectInputEvents[sdk=iphonesimulator*]" = YES;
				"INFOPLIST_KEY_UILaunchScreen_Generation[sdk=iphoneos*]" = YES;
				"INFOPLIST_KEY_UILaunchScreen_Generation[sdk=iphonesimulator*]" = YES;
				"INFOPLIST_KEY_UIStatusBarStyle[sdk=iphoneos*]" = UIStatusBarStyleDefault;
				"INFOPLIST_KEY_UIStatusBarStyle[sdk=iphonesimulator*]" = UIStatusBarStyleDefault;
				INFOPLIST_KEY_UISupportedInterfaceOrientations_iPad = "UIInterfaceOrientationPortrait UIInterfaceOrientationPortraitUpsideDown UIInterfaceOrientationLandscapeLeft UIInterfaceOrientationLandscapeRight";
				INFOPLIST_KEY_UISupportedInterfaceOrientations_iPhone = "UIInterfaceOrientationPortrait UIInterfaceOrientationLandscapeLeft UIInterfaceOrientationLandscapeRight";
				IPHONEOS_DEPLOYMENT_TARGET = 17.2;
				LD_RUNPATH_SEARCH_PATHS = "@executable_path/Frameworks";
				"LD_RUNPATH_SEARCH_PATHS[sdk=macosx*]" = "@executable_path/../Frameworks";
				MACOSX_DEPLOYMENT_TARGET = 14.2;
				MARKETING_VERSION = 1.0;
				PRODUCT_BUNDLE_IDENTIFIER = com.primodium.tub;
				PRODUCT_NAME = "$(TARGET_NAME)";
				SDKROOT = auto;
				SUPPORTED_PLATFORMS = "iphoneos iphonesimulator";
				SUPPORTS_MACCATALYST = NO;
				SWIFT_EMIT_LOC_STRINGS = YES;
				SWIFT_VERSION = 5.0;
				TARGETED_DEVICE_FAMILY = "1,2";
			};
			name = Release;
		};
		DB6D292A2CA1C8F80099951A /* Debug */ = {
			isa = XCBuildConfiguration;
			buildSettings = {
				ALWAYS_EMBED_SWIFT_STANDARD_LIBRARIES = YES;
				BUNDLE_LOADER = "$(TEST_HOST)";
				CODE_SIGN_STYLE = Automatic;
				CURRENT_PROJECT_VERSION = 1;
				GENERATE_INFOPLIST_FILE = YES;
				IPHONEOS_DEPLOYMENT_TARGET = 17.2;
				MACOSX_DEPLOYMENT_TARGET = 14.2;
				MARKETING_VERSION = 1.0;
				PRODUCT_BUNDLE_IDENTIFIER = com.primodium.TubTests;
				PRODUCT_NAME = "$(TARGET_NAME)";
				SDKROOT = auto;
				SUPPORTED_PLATFORMS = "iphoneos iphonesimulator macosx";
				SWIFT_EMIT_LOC_STRINGS = NO;
				SWIFT_VERSION = 5.0;
				TARGETED_DEVICE_FAMILY = "1,2";
				TEST_HOST = "$(BUILT_PRODUCTS_DIR)/Tub.app/$(BUNDLE_EXECUTABLE_FOLDER_PATH)/Tub";
			};
			name = Debug;
		};
		DB6D292B2CA1C8F80099951A /* Release */ = {
			isa = XCBuildConfiguration;
			buildSettings = {
				ALWAYS_EMBED_SWIFT_STANDARD_LIBRARIES = YES;
				BUNDLE_LOADER = "$(TEST_HOST)";
				CODE_SIGN_STYLE = Automatic;
				CURRENT_PROJECT_VERSION = 1;
				GENERATE_INFOPLIST_FILE = YES;
				IPHONEOS_DEPLOYMENT_TARGET = 17.2;
				MACOSX_DEPLOYMENT_TARGET = 14.2;
				MARKETING_VERSION = 1.0;
				PRODUCT_BUNDLE_IDENTIFIER = com.primodium.TubTests;
				PRODUCT_NAME = "$(TARGET_NAME)";
				SDKROOT = auto;
				SUPPORTED_PLATFORMS = "iphoneos iphonesimulator macosx";
				SWIFT_EMIT_LOC_STRINGS = NO;
				SWIFT_VERSION = 5.0;
				TARGETED_DEVICE_FAMILY = "1,2";
				TEST_HOST = "$(BUILT_PRODUCTS_DIR)/Tub.app/$(BUNDLE_EXECUTABLE_FOLDER_PATH)/Tub";
			};
			name = Release;
		};
		DB6D292D2CA1C8F80099951A /* Debug */ = {
			isa = XCBuildConfiguration;
			buildSettings = {
				ALWAYS_EMBED_SWIFT_STANDARD_LIBRARIES = YES;
				CODE_SIGN_STYLE = Automatic;
				CURRENT_PROJECT_VERSION = 1;
				GENERATE_INFOPLIST_FILE = YES;
				IPHONEOS_DEPLOYMENT_TARGET = 17.2;
				MACOSX_DEPLOYMENT_TARGET = 14.2;
				MARKETING_VERSION = 1.0;
				PRODUCT_BUNDLE_IDENTIFIER = com.primodium.TubUITests;
				PRODUCT_NAME = "$(TARGET_NAME)";
				SDKROOT = auto;
				SUPPORTED_PLATFORMS = "iphoneos iphonesimulator macosx";
				SWIFT_EMIT_LOC_STRINGS = NO;
				SWIFT_VERSION = 5.0;
				TARGETED_DEVICE_FAMILY = "1,2";
				TEST_TARGET_NAME = Tub;
			};
			name = Debug;
		};
		DB6D292E2CA1C8F80099951A /* Release */ = {
			isa = XCBuildConfiguration;
			buildSettings = {
				ALWAYS_EMBED_SWIFT_STANDARD_LIBRARIES = YES;
				CODE_SIGN_STYLE = Automatic;
				CURRENT_PROJECT_VERSION = 1;
				GENERATE_INFOPLIST_FILE = YES;
				IPHONEOS_DEPLOYMENT_TARGET = 17.2;
				MACOSX_DEPLOYMENT_TARGET = 14.2;
				MARKETING_VERSION = 1.0;
				PRODUCT_BUNDLE_IDENTIFIER = com.primodium.TubUITests;
				PRODUCT_NAME = "$(TARGET_NAME)";
				SDKROOT = auto;
				SUPPORTED_PLATFORMS = "iphoneos iphonesimulator macosx";
				SWIFT_EMIT_LOC_STRINGS = NO;
				SWIFT_VERSION = 5.0;
				TARGETED_DEVICE_FAMILY = "1,2";
				TEST_TARGET_NAME = Tub;
			};
			name = Release;
		};
/* End XCBuildConfiguration section */

/* Begin XCConfigurationList section */
		DB6D28FC2CA1C8F70099951A /* Build configuration list for PBXProject "Tub" */ = {
			isa = XCConfigurationList;
			buildConfigurations = (
				DB6D29242CA1C8F80099951A /* Debug */,
				DB6D29252CA1C8F80099951A /* Release */,
			);
			defaultConfigurationIsVisible = 0;
			defaultConfigurationName = Release;
		};
		DB6D29262CA1C8F80099951A /* Build configuration list for PBXNativeTarget "Tub" */ = {
			isa = XCConfigurationList;
			buildConfigurations = (
				DB6D29272CA1C8F80099951A /* Debug */,
				DB6D29282CA1C8F80099951A /* Release */,
			);
			defaultConfigurationIsVisible = 0;
			defaultConfigurationName = Release;
		};
		DB6D29292CA1C8F80099951A /* Build configuration list for PBXNativeTarget "TubTests" */ = {
			isa = XCConfigurationList;
			buildConfigurations = (
				DB6D292A2CA1C8F80099951A /* Debug */,
				DB6D292B2CA1C8F80099951A /* Release */,
			);
			defaultConfigurationIsVisible = 0;
			defaultConfigurationName = Release;
		};
		DB6D292C2CA1C8F80099951A /* Build configuration list for PBXNativeTarget "TubUITests" */ = {
			isa = XCConfigurationList;
			buildConfigurations = (
				DB6D292D2CA1C8F80099951A /* Debug */,
				DB6D292E2CA1C8F80099951A /* Release */,
			);
			defaultConfigurationIsVisible = 0;
			defaultConfigurationName = Release;
		};
/* End XCConfigurationList section */

/* Begin XCLocalSwiftPackageReference section */
		DB458DAE2CAC821D00C5EC18 /* XCLocalSwiftPackageReference "TubAPI" */ = {
			isa = XCLocalSwiftPackageReference;
			relativePath = TubAPI;
		};
/* End XCLocalSwiftPackageReference section */

/* Begin XCRemoteSwiftPackageReference section */
		999F59592CA754CB00E7AE9F /* XCRemoteSwiftPackageReference "Charts" */ = {
			isa = XCRemoteSwiftPackageReference;
			repositoryURL = "https://github.com/danielgindi/Charts.git";
			requirement = {
				kind = upToNextMajorVersion;
				minimumVersion = 5.1.0;
			};
		};
		99DED24F2CAF2A6B0055FC60 /* XCRemoteSwiftPackageReference "ApolloCombine" */ = {
			isa = XCRemoteSwiftPackageReference;
			repositoryURL = "https://github.com/joel-perry/ApolloCombine.git";
			requirement = {
				kind = upToNextMajorVersion;
				minimumVersion = 0.8.0;
			};
		};
		DFA4D64F2CAC500B00AEDC73 /* XCRemoteSwiftPackageReference "apollo-ios" */ = {
			isa = XCRemoteSwiftPackageReference;
			repositoryURL = "https://github.com/apollographql/apollo-ios";
			requirement = {
				kind = upToNextMajorVersion;
				minimumVersion = 1.15.1;
			};
		};
		DFA4D6522CAC50FE00AEDC73 /* XCRemoteSwiftPackageReference "apollo-ios-codegen" */ = {
			isa = XCRemoteSwiftPackageReference;
			repositoryURL = "https://github.com/apollographql/apollo-ios-codegen";
			requirement = {
				kind = upToNextMajorVersion;
				minimumVersion = 1.15.1;
			};
		};
/* End XCRemoteSwiftPackageReference section */

/* Begin XCSwiftPackageProductDependency section */
		993E5D8F2CAEE423000E23A9 /* ApolloWebSocket */ = {
			isa = XCSwiftPackageProductDependency;
			package = DFA4D64F2CAC500B00AEDC73 /* XCRemoteSwiftPackageReference "apollo-ios" */;
			productName = ApolloWebSocket;
		};
		99C26C1B2CAEE263004807A2 /* ApolloAPI */ = {
			isa = XCSwiftPackageProductDependency;
			productName = ApolloAPI;
		};
		99C26C1D2CAEE38B004807A2 /* ApolloWebSocket */ = {
			isa = XCSwiftPackageProductDependency;
			package = DFA4D64F2CAC500B00AEDC73 /* XCRemoteSwiftPackageReference "apollo-ios" */;
			productName = ApolloWebSocket;
		};
		99DED2502CAF2A6B0055FC60 /* ApolloCombine */ = {
			isa = XCSwiftPackageProductDependency;
			package = 99DED24F2CAF2A6B0055FC60 /* XCRemoteSwiftPackageReference "ApolloCombine" */;
			productName = ApolloCombine;
		};
		DB458DB02CAC824A00C5EC18 /* TubAPI */ = {
			isa = XCSwiftPackageProductDependency;
			package = DB458DAE2CAC821D00C5EC18 /* XCLocalSwiftPackageReference "TubAPI" */;
			productName = TubAPI;
		};
		DFA4D6502CAC500B00AEDC73 /* Apollo */ = {
			isa = XCSwiftPackageProductDependency;
			package = DFA4D64F2CAC500B00AEDC73 /* XCRemoteSwiftPackageReference "apollo-ios" */;
			productName = Apollo;
		};
/* End XCSwiftPackageProductDependency section */
	};
	rootObject = DB6D28F92CA1C8F70099951A /* Project object */;
}
