// !$*UTF8*$!
{
	archiveVersion = 1;
	classes = {
	};
	objectVersion = 70;
	objects = {

/* Begin PBXBuildFile section */
		282A6AB32CEEE8490039133F /* ButtonStyles.swift in Sources */ = {isa = PBXBuildFile; fileRef = 282A6AB22CEEE8490039133F /* ButtonStyles.swift */; };
		4619A8182CCA4E25003CD119 /* TokenListModel.swift in Sources */ = {isa = PBXBuildFile; fileRef = 4619A8172CCA4E25003CD119 /* TokenListModel.swift */; };
		46442B952CDD7380009A6F0B /* Constants.swift in Sources */ = {isa = PBXBuildFile; fileRef = 46442B942CDD737D009A6F0B /* Constants.swift */; };
		466945ED2CDFDB1F008E8B99 /* LoadingTracker.swift in Sources */ = {isa = PBXBuildFile; fileRef = 466945EC2CDFDB1C008E8B99 /* LoadingTracker.swift */; };
		46BC477C2D282C0200117602 /* DwebLink.swift in Sources */ = {isa = PBXBuildFile; fileRef = 46BC477B2D282BFE00117602 /* DwebLink.swift */; };
		5D8EFC2C2CE529BB002D8210 /* AppDwellTimeTracker.swift in Sources */ = {isa = PBXBuildFile; fileRef = 5D8EFC2B2CE529AC002D8210 /* AppDwellTimeTracker.swift */; };
		990337052CC94175002D3A25 /* AccountBalance.swift in Sources */ = {isa = PBXBuildFile; fileRef = 990337042CC9416B002D3A25 /* AccountBalance.swift */; };
		990FD4582D2DD44F0073CB7F /* SolPriceModel.swift in Sources */ = {isa = PBXBuildFile; fileRef = 990FD4572D2DD44F0073CB7F /* SolPriceModel.swift */; };
		990FD5242D2EDFC30073CB7F /* TubActivityAttributes.swift in Sources */ = {isa = PBXBuildFile; fileRef = 990FD5232D2EDFC30073CB7F /* TubActivityAttributes.swift */; };
		990FD5252D2EDFC30073CB7F /* TubActivityAttributes.swift in Sources */ = {isa = PBXBuildFile; fileRef = 990FD5232D2EDFC30073CB7F /* TubActivityAttributes.swift */; };
		990FD5262D2EDFC30073CB7F /* TubActivityAttributes.swift in Sources */ = {isa = PBXBuildFile; fileRef = 990FD5232D2EDFC30073CB7F /* TubActivityAttributes.swift */; };
		9910F1B62CAAE302005DEE6B /* SFRounded.swift in Sources */ = {isa = PBXBuildFile; fileRef = 9910F1B52CAAE2FD005DEE6B /* SFRounded.swift */; };
		991361A12CADE3B300E5D656 /* TokenListView.swift in Sources */ = {isa = PBXBuildFile; fileRef = 991361A02CADE3AA00E5D656 /* TokenListView.swift */; };
		99290EC02CB7110C003E740A /* FormatDate.swift in Sources */ = {isa = PBXBuildFile; fileRef = 99290EBF2CB7110C003E740A /* FormatDate.swift */; };
		9936FC582CADCA5200E21B8A /* Structs.swift in Sources */ = {isa = PBXBuildFile; fileRef = 9936FC562CADCA5200E21B8A /* Structs.swift */; };
		993E5D902CAEE423000E23A9 /* ApolloWebSocket in Frameworks */ = {isa = PBXBuildFile; productRef = 993E5D8F2CAEE423000E23A9 /* ApolloWebSocket */; };
		993E5D942CAEF33B000E23A9 /* queries.graphql in Resources */ = {isa = PBXBuildFile; fileRef = 993E5D912CAEF33B000E23A9 /* queries.graphql */; };
		9941CD6F2CCAA30D0009E5ED /* FormatPrice.swift in Sources */ = {isa = PBXBuildFile; fileRef = 9941CD6E2CCAA30B0009E5ED /* FormatPrice.swift */; };
		994AE5F72CD2AB3F00553A32 /* GoogleLogoView.swift in Sources */ = {isa = PBXBuildFile; fileRef = 994AE5F62CD2AB3F00553A32 /* GoogleLogoView.swift */; };
		995D05662CF3C7C900627E81 /* retry.swift in Sources */ = {isa = PBXBuildFile; fileRef = 995D05652CF3C7C800627E81 /* retry.swift */; };
		995FCA1F2CDA5ED70018A76D /* CoinbaseOnrampView.swift in Sources */ = {isa = PBXBuildFile; fileRef = 995FCA1E2CDA5ED20018A76D /* CoinbaseOnrampView.swift */; };
		9965F7692D19E2D30063C773 /* JWTActor.swift in Sources */ = {isa = PBXBuildFile; fileRef = 9965F7682D19E2CE0063C773 /* JWTActor.swift */; };
		996772FE2CEB85820029B298 /* LoadingBox.swift in Sources */ = {isa = PBXBuildFile; fileRef = 996772FD2CEB857C0029B298 /* LoadingBox.swift */; };
		996873252D36B9E5003C43E5 /* FormatPrice.swift in Sources */ = {isa = PBXBuildFile; fileRef = 9941CD6E2CCAA30B0009E5ED /* FormatPrice.swift */; };
		9971F29B2CFF836700BA48C0 /* WithdrawView.swift in Sources */ = {isa = PBXBuildFile; fileRef = 9971F29A2CFF835D00BA48C0 /* WithdrawView.swift */; };
		9979A6CD2D0B2CD100DFDBE5 /* ErrorView.swift in Sources */ = {isa = PBXBuildFile; fileRef = 9979A6C62D0B2CD100DFDBE5 /* ErrorView.swift */; };
		997DE8F42CDAC86500164366 /* NotificationBanner.swift in Sources */ = {isa = PBXBuildFile; fileRef = 997DE8F32CDAC86000164366 /* NotificationBanner.swift */; };
		99856DA42CD27E1F004B9D40 /* Privy in Frameworks */ = {isa = PBXBuildFile; productRef = 99856DA32CD27E1F004B9D40 /* Privy */; };
		99856DA62CD27E2E004B9D40 /* Privy.swift in Sources */ = {isa = PBXBuildFile; fileRef = 99856DA52CD27E27004B9D40 /* Privy.swift */; };
		9995E9BF2D01025D005B9179 /* PortfolioView.swift in Sources */ = {isa = PBXBuildFile; fileRef = 9995E9BE2D01025A005B9179 /* PortfolioView.swift */; };
		999ACA732CF50F13008D765B /* TxManager.swift in Sources */ = {isa = PBXBuildFile; fileRef = 999ACA722CF50EEA008D765B /* TxManager.swift */; };
		999F59562CA6F97100E7AE9F /* TokenModel.swift in Sources */ = {isa = PBXBuildFile; fileRef = 999F59552CA6F96D00E7AE9F /* TokenModel.swift */; };
		999F595B2CA754FB00E7AE9F /* ChartView.swift in Sources */ = {isa = PBXBuildFile; fileRef = 999F595A2CA754F900E7AE9F /* ChartView.swift */; };
		99B147FE2CDFE5B200DFDB96 /* ShimmeringView.swift in Sources */ = {isa = PBXBuildFile; fileRef = 99B147FD2CDFE5B200DFDB96 /* ShimmeringView.swift */; };
		99BB98562CC1798600658059 /* CandleChartView.swift in Sources */ = {isa = PBXBuildFile; fileRef = 99BB98552CC1798400658059 /* CandleChartView.swift */; };
		99BE72B02CEBB223006BB157 /* BubbleEffect.swift in Sources */ = {isa = PBXBuildFile; fileRef = 99BE72AE2CEBB223006BB157 /* BubbleEffect.swift */; };
		99BE72BD2CEBB4CA006BB157 /* NotificationHandler.swift in Sources */ = {isa = PBXBuildFile; fileRef = 99BE72BC2CEBB4CA006BB157 /* NotificationHandler.swift */; };
		99C26C1C2CAEE263004807A2 /* ApolloAPI in Frameworks */ = {isa = PBXBuildFile; productRef = 99C26C1B2CAEE263004807A2 /* ApolloAPI */; };
		99C26C1E2CAEE38B004807A2 /* ApolloWebSocket in Frameworks */ = {isa = PBXBuildFile; productRef = 99C26C1D2CAEE38B004807A2 /* ApolloWebSocket */; };
		99DBD8EC2CF77B9C0098C296 /* TokenInfoPreview.swift in Sources */ = {isa = PBXBuildFile; fileRef = 99DBD8EB2CF77B970098C296 /* TokenInfoPreview.swift */; };
		99DBD8EE2CF781EA0098C296 /* spoofModelData.swift in Sources */ = {isa = PBXBuildFile; fileRef = 99DBD8ED2CF781E50098C296 /* spoofModelData.swift */; };
		99DDF62D2CB02816000234DA /* AccountView.swift in Sources */ = {isa = PBXBuildFile; fileRef = 99DDF62C2CB0280D000234DA /* AccountView.swift */; };
		99DED2512CAF2A6B0055FC60 /* ApolloCombine in Frameworks */ = {isa = PBXBuildFile; productRef = 99DED2502CAF2A6B0055FC60 /* ApolloCombine */; };
		99E789492CC147C000C3CEEB /* ImageView.swift in Sources */ = {isa = PBXBuildFile; fileRef = 99E789482CC147BD00C3CEEB /* ImageView.swift */; };
		99ED514A2D317EDF002E0A72 /* AppDelegate.swift in Sources */ = {isa = PBXBuildFile; fileRef = 99ED51492D317EDA002E0A72 /* AppDelegate.swift */; };
		99F3D7A62CE6D937005B895C /* UserModel.swift in Sources */ = {isa = PBXBuildFile; fileRef = 99F3D7A52CE6D934005B895C /* UserModel.swift */; };
		99FB68342CC003FC00070D2A /* LoadingView.swift in Sources */ = {isa = PBXBuildFile; fileRef = 99FB68332CC003FC00070D2A /* LoadingView.swift */; };
		DB10A95D2CA5AA1B00B1E4F3 /* TokenView.swift in Sources */ = {isa = PBXBuildFile; fileRef = DB10A95C2CA5AA1B00B1E4F3 /* TokenView.swift */; };
		DB391A1E2CC377FC002EFA78 /* LaunchScreen.storyboard in Resources */ = {isa = PBXBuildFile; fileRef = DB391A1D2CC377FC002EFA78 /* LaunchScreen.storyboard */; };
		DB458DB12CAC824A00C5EC18 /* TubAPI in Frameworks */ = {isa = PBXBuildFile; productRef = DB458DB02CAC824A00C5EC18 /* TubAPI */; };
		DB6D29052CA1C8F70099951A /* TubApp.swift in Sources */ = {isa = PBXBuildFile; fileRef = DB6D29042CA1C8F70099951A /* TubApp.swift */; };
		DB6D29092CA1C8F80099951A /* Assets.xcassets in Resources */ = {isa = PBXBuildFile; fileRef = DB6D29082CA1C8F80099951A /* Assets.xcassets */; };
		DB6D290D2CA1C8F80099951A /* Preview Assets.xcassets in Resources */ = {isa = PBXBuildFile; fileRef = DB6D290C2CA1C8F80099951A /* Preview Assets.xcassets */; };
		DB6D29172CA1C8F80099951A /* TubTests.swift in Sources */ = {isa = PBXBuildFile; fileRef = DB6D29162CA1C8F80099951A /* TubTests.swift */; };
		DB6D29212CA1C8F80099951A /* TubUITests.swift in Sources */ = {isa = PBXBuildFile; fileRef = DB6D29202CA1C8F80099951A /* TubUITests.swift */; };
		DB6D29232CA1C8F80099951A /* TubUITestsLaunchTests.swift in Sources */ = {isa = PBXBuildFile; fileRef = DB6D29222CA1C8F80099951A /* TubUITestsLaunchTests.swift */; };
		DF1FE3C82CD568F700594C63 /* CountryCode.swift in Sources */ = {isa = PBXBuildFile; fileRef = DF1FE3C72CD568F700594C63 /* CountryCode.swift */; };
		DF38C3C42D0212F3003A156B /* EnvironmentKeys.swift in Sources */ = {isa = PBXBuildFile; fileRef = DF38C3C32D0212F3003A156B /* EnvironmentKeys.swift */; };
		DF3D43D22D00DEB1004DAE81 /* JustifiedText.swift in Sources */ = {isa = PBXBuildFile; fileRef = DF3D43D12D00DEB1004DAE81 /* JustifiedText.swift */; };
		DF5A2FC32CAF165D00508A56 /* HistoryView.swift in Sources */ = {isa = PBXBuildFile; fileRef = DF5A2FC22CAF165D00508A56 /* HistoryView.swift */; };
		DF6D28BF2D108A5900810F8B /* WidgetKit.framework in Frameworks */ = {isa = PBXBuildFile; fileRef = DF6D28BE2D108A5900810F8B /* WidgetKit.framework */; };
		DF6D28C12D108A5900810F8B /* SwiftUI.framework in Frameworks */ = {isa = PBXBuildFile; fileRef = DF6D28C02D108A5900810F8B /* SwiftUI.framework */; };
		DF6D28D22D108A5A00810F8B /* TubWidgetExtensionExtension.appex in Embed Foundation Extensions */ = {isa = PBXBuildFile; fileRef = DF6D28BD2D108A5900810F8B /* TubWidgetExtensionExtension.appex */; settings = {ATTRIBUTES = (RemoveHeadersOnCopy, ); }; };
		DF6D28E42D108B8300810F8B /* LiveActivityManager.swift in Sources */ = {isa = PBXBuildFile; fileRef = DF6D28E32D108B8300810F8B /* LiveActivityManager.swift */; };
		DF74EC6C2D19CAEC0053E262 /* BackgroundBubbleEffect.swift in Sources */ = {isa = PBXBuildFile; fileRef = DF74EC6B2D19CAEC0053E262 /* BackgroundBubbleEffect.swift */; };
		DF8C84ED2CDFDCA700E8FA7B /* DismissKeyboardModifier.swift in Sources */ = {isa = PBXBuildFile; fileRef = DF8C84EC2CDFDCA700E8FA7B /* DismissKeyboardModifier.swift */; };
		DF9D90602D15D82400DC4BCC /* ShareView.swift in Sources */ = {isa = PBXBuildFile; fileRef = DF9D905E2D15D82400DC4BCC /* ShareView.swift */; };
		DFA4D6512CAC500B00AEDC73 /* Apollo in Frameworks */ = {isa = PBXBuildFile; productRef = DFA4D6502CAC500B00AEDC73 /* Apollo */; };
		DFC723E32CB9A86C003A915C /* TokenInfoCardView.swift in Sources */ = {isa = PBXBuildFile; fileRef = DFC723E22CB9A86C003A915C /* TokenInfoCardView.swift */; };
		DFDA138A2CEDF04000057A29 /* TransactionGroupView.swift in Sources */ = {isa = PBXBuildFile; fileRef = DFDA13892CEDF04000057A29 /* TransactionGroupView.swift */; };
		DFDA13BC2CEF9ACA00057A29 /* OnboardingView.swift in Sources */ = {isa = PBXBuildFile; fileRef = DFDA13BB2CEF9ACA00057A29 /* OnboardingView.swift */; };
		DFEBC3DD2CE443CA00EA4C84 /* AccountDetailsView.swift in Sources */ = {isa = PBXBuildFile; fileRef = DFEBC3DC2CE443CA00EA4C84 /* AccountDetailsView.swift */; };
		DFEBC3E82CE44D1100EA4C84 /* SettingsManager.swift in Sources */ = {isa = PBXBuildFile; fileRef = DFEBC3E52CE44D1100EA4C84 /* SettingsManager.swift */; };
		DFEBC3E92CE44D1100EA4C84 /* SettingsView.swift in Sources */ = {isa = PBXBuildFile; fileRef = DFEBC3E62CE44D1100EA4C84 /* SettingsView.swift */; };
		DFF5292B2CC0121B007DC43F /* Gradients.swift in Sources */ = {isa = PBXBuildFile; fileRef = DFF5292A2CC0121B007DC43F /* Gradients.swift */; };
/* End PBXBuildFile section */

/* Begin PBXContainerItemProxy section */
		DB6D29132CA1C8F80099951A /* PBXContainerItemProxy */ = {
			isa = PBXContainerItemProxy;
			containerPortal = DB6D28F92CA1C8F70099951A /* Project object */;
			proxyType = 1;
			remoteGlobalIDString = DB6D29002CA1C8F70099951A;
			remoteInfo = Tub;
		};
		DB6D291D2CA1C8F80099951A /* PBXContainerItemProxy */ = {
			isa = PBXContainerItemProxy;
			containerPortal = DB6D28F92CA1C8F70099951A /* Project object */;
			proxyType = 1;
			remoteGlobalIDString = DB6D29002CA1C8F70099951A;
			remoteInfo = Tub;
		};
		DF6D28D02D108A5A00810F8B /* PBXContainerItemProxy */ = {
			isa = PBXContainerItemProxy;
			containerPortal = DB6D28F92CA1C8F70099951A /* Project object */;
			proxyType = 1;
			remoteGlobalIDString = DF6D28BC2D108A5900810F8B;
			remoteInfo = TubWidgetExtensionExtension;
		};
/* End PBXContainerItemProxy section */

/* Begin PBXCopyFilesBuildPhase section */
		DF6D28D72D108A5A00810F8B /* Embed Foundation Extensions */ = {
			isa = PBXCopyFilesBuildPhase;
			buildActionMask = 2147483647;
			dstPath = "";
			dstSubfolderSpec = 13;
			files = (
				DF6D28D22D108A5A00810F8B /* TubWidgetExtensionExtension.appex in Embed Foundation Extensions */,
			);
			name = "Embed Foundation Extensions";
			runOnlyForDeploymentPostprocessing = 0;
		};
/* End PBXCopyFilesBuildPhase section */

/* Begin PBXFileReference section */
		282A6AB22CEEE8490039133F /* ButtonStyles.swift */ = {isa = PBXFileReference; lastKnownFileType = sourcecode.swift; path = ButtonStyles.swift; sourceTree = "<group>"; };
		4619A8172CCA4E25003CD119 /* TokenListModel.swift */ = {isa = PBXFileReference; lastKnownFileType = sourcecode.swift; path = TokenListModel.swift; sourceTree = "<group>"; };
		46442B942CDD737D009A6F0B /* Constants.swift */ = {isa = PBXFileReference; lastKnownFileType = sourcecode.swift; path = Constants.swift; sourceTree = "<group>"; };
		466945EC2CDFDB1C008E8B99 /* LoadingTracker.swift */ = {isa = PBXFileReference; lastKnownFileType = sourcecode.swift; path = LoadingTracker.swift; sourceTree = "<group>"; };
		46BC477B2D282BFE00117602 /* DwebLink.swift */ = {isa = PBXFileReference; lastKnownFileType = sourcecode.swift; path = DwebLink.swift; sourceTree = "<group>"; };
		5D8EFC2B2CE529AC002D8210 /* AppDwellTimeTracker.swift */ = {isa = PBXFileReference; lastKnownFileType = sourcecode.swift; path = AppDwellTimeTracker.swift; sourceTree = "<group>"; };
		990337042CC9416B002D3A25 /* AccountBalance.swift */ = {isa = PBXFileReference; lastKnownFileType = sourcecode.swift; path = AccountBalance.swift; sourceTree = "<group>"; };
		990FD4572D2DD44F0073CB7F /* SolPriceModel.swift */ = {isa = PBXFileReference; lastKnownFileType = sourcecode.swift; path = SolPriceModel.swift; sourceTree = "<group>"; };
		990FD5232D2EDFC30073CB7F /* TubActivityAttributes.swift */ = {isa = PBXFileReference; lastKnownFileType = sourcecode.swift; path = TubActivityAttributes.swift; sourceTree = "<group>"; };
		9910F1B52CAAE2FD005DEE6B /* SFRounded.swift */ = {isa = PBXFileReference; lastKnownFileType = sourcecode.swift; path = SFRounded.swift; sourceTree = "<group>"; };
		991361A02CADE3AA00E5D656 /* TokenListView.swift */ = {isa = PBXFileReference; lastKnownFileType = sourcecode.swift; path = TokenListView.swift; sourceTree = "<group>"; };
		99290EBF2CB7110C003E740A /* FormatDate.swift */ = {isa = PBXFileReference; lastKnownFileType = sourcecode.swift; path = FormatDate.swift; sourceTree = "<group>"; };
		9936FC562CADCA5200E21B8A /* Structs.swift */ = {isa = PBXFileReference; lastKnownFileType = sourcecode.swift; path = Structs.swift; sourceTree = "<group>"; };
		993E5D912CAEF33B000E23A9 /* queries.graphql */ = {isa = PBXFileReference; lastKnownFileType = text; path = queries.graphql; sourceTree = "<group>"; };
		9941CD6E2CCAA30B0009E5ED /* FormatPrice.swift */ = {isa = PBXFileReference; lastKnownFileType = sourcecode.swift; path = FormatPrice.swift; sourceTree = "<group>"; };
		994AE5F62CD2AB3F00553A32 /* GoogleLogoView.swift */ = {isa = PBXFileReference; lastKnownFileType = sourcecode.swift; path = GoogleLogoView.swift; sourceTree = "<group>"; };
		995D05652CF3C7C800627E81 /* retry.swift */ = {isa = PBXFileReference; lastKnownFileType = sourcecode.swift; path = retry.swift; sourceTree = "<group>"; };
		995FCA1E2CDA5ED20018A76D /* CoinbaseOnrampView.swift */ = {isa = PBXFileReference; lastKnownFileType = sourcecode.swift; path = CoinbaseOnrampView.swift; sourceTree = "<group>"; };
		9965F7682D19E2CE0063C773 /* JWTActor.swift */ = {isa = PBXFileReference; lastKnownFileType = sourcecode.swift; path = JWTActor.swift; sourceTree = "<group>"; };
		996772FD2CEB857C0029B298 /* LoadingBox.swift */ = {isa = PBXFileReference; lastKnownFileType = sourcecode.swift; path = LoadingBox.swift; sourceTree = "<group>"; };
		9971F29A2CFF835D00BA48C0 /* WithdrawView.swift */ = {isa = PBXFileReference; lastKnownFileType = sourcecode.swift; path = WithdrawView.swift; sourceTree = "<group>"; };
		9979A6C62D0B2CD100DFDBE5 /* ErrorView.swift */ = {isa = PBXFileReference; lastKnownFileType = sourcecode.swift; path = ErrorView.swift; sourceTree = "<group>"; };
		997DE8F32CDAC86000164366 /* NotificationBanner.swift */ = {isa = PBXFileReference; lastKnownFileType = sourcecode.swift; path = NotificationBanner.swift; sourceTree = "<group>"; };
		99856DA52CD27E27004B9D40 /* Privy.swift */ = {isa = PBXFileReference; lastKnownFileType = sourcecode.swift; path = Privy.swift; sourceTree = "<group>"; };
		99856DA92CD28271004B9D40 /* Info.plist */ = {isa = PBXFileReference; lastKnownFileType = text.plist; path = Info.plist; sourceTree = "<group>"; };
		99856DCA2CD29201004B9D40 /* TubRelease.entitlements */ = {isa = PBXFileReference; lastKnownFileType = text.plist.entitlements; path = TubRelease.entitlements; sourceTree = "<group>"; };
		9995E9BE2D01025A005B9179 /* PortfolioView.swift */ = {isa = PBXFileReference; lastKnownFileType = sourcecode.swift; path = PortfolioView.swift; sourceTree = "<group>"; };
		999ACA722CF50EEA008D765B /* TxManager.swift */ = {isa = PBXFileReference; lastKnownFileType = sourcecode.swift; path = TxManager.swift; sourceTree = "<group>"; };
		999F59552CA6F96D00E7AE9F /* TokenModel.swift */ = {isa = PBXFileReference; lastKnownFileType = sourcecode.swift; path = TokenModel.swift; sourceTree = "<group>"; };
		999F595A2CA754F900E7AE9F /* ChartView.swift */ = {isa = PBXFileReference; lastKnownFileType = sourcecode.swift; path = ChartView.swift; sourceTree = "<group>"; };
		99B147FD2CDFE5B200DFDB96 /* ShimmeringView.swift */ = {isa = PBXFileReference; lastKnownFileType = sourcecode.swift; path = ShimmeringView.swift; sourceTree = "<group>"; };
		99BB98552CC1798400658059 /* CandleChartView.swift */ = {isa = PBXFileReference; lastKnownFileType = sourcecode.swift; path = CandleChartView.swift; sourceTree = "<group>"; };
		99BE72AE2CEBB223006BB157 /* BubbleEffect.swift */ = {isa = PBXFileReference; lastKnownFileType = sourcecode.swift; path = BubbleEffect.swift; sourceTree = "<group>"; };
		99BE72BC2CEBB4CA006BB157 /* NotificationHandler.swift */ = {isa = PBXFileReference; lastKnownFileType = sourcecode.swift; path = NotificationHandler.swift; sourceTree = "<group>"; };
		99DBD8EB2CF77B970098C296 /* TokenInfoPreview.swift */ = {isa = PBXFileReference; lastKnownFileType = sourcecode.swift; path = TokenInfoPreview.swift; sourceTree = "<group>"; };
		99DBD8ED2CF781E50098C296 /* spoofModelData.swift */ = {isa = PBXFileReference; lastKnownFileType = sourcecode.swift; path = spoofModelData.swift; sourceTree = "<group>"; };
		99DDF62C2CB0280D000234DA /* AccountView.swift */ = {isa = PBXFileReference; lastKnownFileType = sourcecode.swift; path = AccountView.swift; sourceTree = "<group>"; };
		99E789482CC147BD00C3CEEB /* ImageView.swift */ = {isa = PBXFileReference; lastKnownFileType = sourcecode.swift; path = ImageView.swift; sourceTree = "<group>"; };
		99ED51492D317EDA002E0A72 /* AppDelegate.swift */ = {isa = PBXFileReference; lastKnownFileType = sourcecode.swift; path = AppDelegate.swift; sourceTree = "<group>"; };
		99F3D7A52CE6D934005B895C /* UserModel.swift */ = {isa = PBXFileReference; lastKnownFileType = sourcecode.swift; path = UserModel.swift; sourceTree = "<group>"; };
		99FB68332CC003FC00070D2A /* LoadingView.swift */ = {isa = PBXFileReference; lastKnownFileType = sourcecode.swift; path = LoadingView.swift; sourceTree = "<group>"; };
		DB10A95C2CA5AA1B00B1E4F3 /* TokenView.swift */ = {isa = PBXFileReference; lastKnownFileType = sourcecode.swift; path = TokenView.swift; sourceTree = "<group>"; };
		DB391A1D2CC377FC002EFA78 /* LaunchScreen.storyboard */ = {isa = PBXFileReference; lastKnownFileType = file.storyboard; path = LaunchScreen.storyboard; sourceTree = "<group>"; };
		DB458DAA2CAC7F0100C5EC18 /* schema.graphqls */ = {isa = PBXFileReference; lastKnownFileType = text; path = schema.graphqls; sourceTree = "<group>"; };
		DB6D29012CA1C8F70099951A /* Tub.app */ = {isa = PBXFileReference; explicitFileType = wrapper.application; includeInIndex = 0; path = Tub.app; sourceTree = BUILT_PRODUCTS_DIR; };
		DB6D29042CA1C8F70099951A /* TubApp.swift */ = {isa = PBXFileReference; lastKnownFileType = sourcecode.swift; path = TubApp.swift; sourceTree = "<group>"; };
		DB6D29082CA1C8F80099951A /* Assets.xcassets */ = {isa = PBXFileReference; lastKnownFileType = folder.assetcatalog; path = Assets.xcassets; sourceTree = "<group>"; };
		DB6D290A2CA1C8F80099951A /* Tub.entitlements */ = {isa = PBXFileReference; lastKnownFileType = text.plist.entitlements; path = Tub.entitlements; sourceTree = "<group>"; };
		DB6D290C2CA1C8F80099951A /* Preview Assets.xcassets */ = {isa = PBXFileReference; lastKnownFileType = folder.assetcatalog; path = "Preview Assets.xcassets"; sourceTree = "<group>"; };
		DB6D29122CA1C8F80099951A /* TubTests.xctest */ = {isa = PBXFileReference; explicitFileType = wrapper.cfbundle; includeInIndex = 0; path = TubTests.xctest; sourceTree = BUILT_PRODUCTS_DIR; };
		DB6D29162CA1C8F80099951A /* TubTests.swift */ = {isa = PBXFileReference; lastKnownFileType = sourcecode.swift; path = TubTests.swift; sourceTree = "<group>"; };
		DB6D291C2CA1C8F80099951A /* TubUITests.xctest */ = {isa = PBXFileReference; explicitFileType = wrapper.cfbundle; includeInIndex = 0; path = TubUITests.xctest; sourceTree = BUILT_PRODUCTS_DIR; };
		DB6D29202CA1C8F80099951A /* TubUITests.swift */ = {isa = PBXFileReference; lastKnownFileType = sourcecode.swift; path = TubUITests.swift; sourceTree = "<group>"; };
		DB6D29222CA1C8F80099951A /* TubUITestsLaunchTests.swift */ = {isa = PBXFileReference; lastKnownFileType = sourcecode.swift; path = TubUITestsLaunchTests.swift; sourceTree = "<group>"; };
		DF1FE3C72CD568F700594C63 /* CountryCode.swift */ = {isa = PBXFileReference; lastKnownFileType = sourcecode.swift; name = CountryCode.swift; path = Tub/Sources/CountryCode.swift; sourceTree = SOURCE_ROOT; };
		DF38C3C32D0212F3003A156B /* EnvironmentKeys.swift */ = {isa = PBXFileReference; lastKnownFileType = sourcecode.swift; path = EnvironmentKeys.swift; sourceTree = "<group>"; };
		DF3D43D12D00DEB1004DAE81 /* JustifiedText.swift */ = {isa = PBXFileReference; lastKnownFileType = sourcecode.swift; path = JustifiedText.swift; sourceTree = "<group>"; };
		DF5A2FC22CAF165D00508A56 /* HistoryView.swift */ = {isa = PBXFileReference; lastKnownFileType = sourcecode.swift; path = HistoryView.swift; sourceTree = "<group>"; };
		DF6D28BD2D108A5900810F8B /* TubWidgetExtensionExtension.appex */ = {isa = PBXFileReference; explicitFileType = "wrapper.app-extension"; includeInIndex = 0; path = TubWidgetExtensionExtension.appex; sourceTree = BUILT_PRODUCTS_DIR; };
		DF6D28BE2D108A5900810F8B /* WidgetKit.framework */ = {isa = PBXFileReference; lastKnownFileType = wrapper.framework; name = WidgetKit.framework; path = System/Library/Frameworks/WidgetKit.framework; sourceTree = SDKROOT; };
		DF6D28C02D108A5900810F8B /* SwiftUI.framework */ = {isa = PBXFileReference; lastKnownFileType = wrapper.framework; name = SwiftUI.framework; path = System/Library/Frameworks/SwiftUI.framework; sourceTree = SDKROOT; };
		DF6D28E32D108B8300810F8B /* LiveActivityManager.swift */ = {isa = PBXFileReference; lastKnownFileType = sourcecode.swift; path = LiveActivityManager.swift; sourceTree = "<group>"; };
		DF74EC6B2D19CAEC0053E262 /* BackgroundBubbleEffect.swift */ = {isa = PBXFileReference; lastKnownFileType = sourcecode.swift; path = BackgroundBubbleEffect.swift; sourceTree = "<group>"; };
		DF7C361B2CD941FD00A4B27A /* Constants.swift */ = {isa = PBXFileReference; lastKnownFileType = sourcecode.swift; path = Constants.swift; sourceTree = "<group>"; };
		DF8C84EC2CDFDCA700E8FA7B /* DismissKeyboardModifier.swift */ = {isa = PBXFileReference; lastKnownFileType = sourcecode.swift; path = DismissKeyboardModifier.swift; sourceTree = "<group>"; };
		DF9D905E2D15D82400DC4BCC /* ShareView.swift */ = {isa = PBXFileReference; lastKnownFileType = sourcecode.swift; path = ShareView.swift; sourceTree = "<group>"; };
		DFC723E22CB9A86C003A915C /* TokenInfoCardView.swift */ = {isa = PBXFileReference; lastKnownFileType = sourcecode.swift; path = TokenInfoCardView.swift; sourceTree = "<group>"; };
		DFDA13892CEDF04000057A29 /* TransactionGroupView.swift */ = {isa = PBXFileReference; lastKnownFileType = sourcecode.swift; path = TransactionGroupView.swift; sourceTree = "<group>"; };
		DFDA13BB2CEF9ACA00057A29 /* OnboardingView.swift */ = {isa = PBXFileReference; lastKnownFileType = sourcecode.swift; path = OnboardingView.swift; sourceTree = "<group>"; };
		DFEBC3DC2CE443CA00EA4C84 /* AccountDetailsView.swift */ = {isa = PBXFileReference; lastKnownFileType = sourcecode.swift; path = AccountDetailsView.swift; sourceTree = "<group>"; };
		DFEBC3E52CE44D1100EA4C84 /* SettingsManager.swift */ = {isa = PBXFileReference; lastKnownFileType = sourcecode.swift; path = SettingsManager.swift; sourceTree = "<group>"; };
		DFEBC3E62CE44D1100EA4C84 /* SettingsView.swift */ = {isa = PBXFileReference; lastKnownFileType = sourcecode.swift; path = SettingsView.swift; sourceTree = "<group>"; };
		DFF5292A2CC0121B007DC43F /* Gradients.swift */ = {isa = PBXFileReference; lastKnownFileType = sourcecode.swift; path = Gradients.swift; sourceTree = "<group>"; };
/* End PBXFileReference section */

/* Begin PBXFileSystemSynchronizedBuildFileExceptionSet section */
		DF6D28D32D108A5A00810F8B /* PBXFileSystemSynchronizedBuildFileExceptionSet */ = {
			isa = PBXFileSystemSynchronizedBuildFileExceptionSet;
			membershipExceptions = (
				Info.plist,
			);
			target = DF6D28BC2D108A5900810F8B /* TubWidgetExtensionExtension */;
		};
/* End PBXFileSystemSynchronizedBuildFileExceptionSet section */

/* Begin PBXFileSystemSynchronizedRootGroup section */
		282A6A612CEEDDEB0039133F /* Localization */ = {isa = PBXFileSystemSynchronizedRootGroup; explicitFileTypes = {}; explicitFolders = (); path = Localization; sourceTree = "<group>"; };
		46B4B4532CD542DB00D8175A /* Extensions */ = {isa = PBXFileSystemSynchronizedRootGroup; explicitFileTypes = {}; explicitFolders = (); path = Extensions; sourceTree = "<group>"; };
		995DE48A2CE6A268001B3C3F /* Login */ = {isa = PBXFileSystemSynchronizedRootGroup; explicitFileTypes = {}; explicitFolders = (); path = Login; sourceTree = "<group>"; };
		9979A72C2D0B8DB600DFDBE5 /* Network */ = {isa = PBXFileSystemSynchronizedRootGroup; explicitFileTypes = {}; explicitFolders = (); path = Network; sourceTree = "<group>"; };
		99DDF62E2CB0333D000234DA /* BuySellForm */ = {isa = PBXFileSystemSynchronizedRootGroup; explicitFileTypes = {}; explicitFolders = (); path = BuySellForm; sourceTree = "<group>"; };
		DF627D192CF0FB4500A4500B /* Media */ = {isa = PBXFileSystemSynchronizedRootGroup; explicitFileTypes = {}; explicitFolders = (); path = Media; sourceTree = "<group>"; };
		DF6D28C22D108A5900810F8B /* TubWidgetExtension */ = {isa = PBXFileSystemSynchronizedRootGroup; exceptions = (DF6D28D32D108A5A00810F8B /* PBXFileSystemSynchronizedBuildFileExceptionSet */, ); explicitFileTypes = {}; explicitFolders = (); path = TubWidgetExtension; sourceTree = "<group>"; };
/* End PBXFileSystemSynchronizedRootGroup section */

/* Begin PBXFrameworksBuildPhase section */
		DB6D28FE2CA1C8F70099951A /* Frameworks */ = {
			isa = PBXFrameworksBuildPhase;
			buildActionMask = 2147483647;
			files = (
				99DED2512CAF2A6B0055FC60 /* ApolloCombine in Frameworks */,
				99C26C1C2CAEE263004807A2 /* ApolloAPI in Frameworks */,
				993E5D902CAEE423000E23A9 /* ApolloWebSocket in Frameworks */,
				99856DA42CD27E1F004B9D40 /* Privy in Frameworks */,
				DFA4D6512CAC500B00AEDC73 /* Apollo in Frameworks */,
				DB458DB12CAC824A00C5EC18 /* TubAPI in Frameworks */,
			);
			runOnlyForDeploymentPostprocessing = 0;
		};
		DB6D290F2CA1C8F80099951A /* Frameworks */ = {
			isa = PBXFrameworksBuildPhase;
			buildActionMask = 2147483647;
			files = (
				99C26C1E2CAEE38B004807A2 /* ApolloWebSocket in Frameworks */,
			);
			runOnlyForDeploymentPostprocessing = 0;
		};
		DB6D29192CA1C8F80099951A /* Frameworks */ = {
			isa = PBXFrameworksBuildPhase;
			buildActionMask = 2147483647;
			files = (
			);
			runOnlyForDeploymentPostprocessing = 0;
		};
		DF6D28BA2D108A5900810F8B /* Frameworks */ = {
			isa = PBXFrameworksBuildPhase;
			buildActionMask = 2147483647;
			files = (
				DF6D28C12D108A5900810F8B /* SwiftUI.framework in Frameworks */,
				DF6D28BF2D108A5900810F8B /* WidgetKit.framework in Frameworks */,
			);
			runOnlyForDeploymentPostprocessing = 0;
		};
/* End PBXFrameworksBuildPhase section */

/* Begin PBXGroup section */
		46442B892CDD72DF009A6F0B /* Recovered References */ = {
			isa = PBXGroup;
			children = (
				DF7C361B2CD941FD00A4B27A /* Constants.swift */,
			);
			name = "Recovered References";
			sourceTree = "<group>";
		};
		9910F1B42CAAE2F0005DEE6B /* Fonts */ = {
			isa = PBXGroup;
			children = (
				9910F1B52CAAE2FD005DEE6B /* SFRounded.swift */,
			);
			path = Fonts;
			sourceTree = "<group>";
		};
		995FCA1D2CDA5ECB0018A76D /* Onramp */ = {
			isa = PBXGroup;
			children = (
				995FCA1E2CDA5ED20018A76D /* CoinbaseOnrampView.swift */,
			);
			path = Onramp;
			sourceTree = "<group>";
		};
		9979D2F02CB57B840040DF41 /* Utils */ = {
			isa = PBXGroup;
			children = (
				46BC477B2D282BFE00117602 /* DwebLink.swift */,
				99DBD8ED2CF781E50098C296 /* spoofModelData.swift */,
				995D05652CF3C7C800627E81 /* retry.swift */,
				5D8EFC2B2CE529AC002D8210 /* AppDwellTimeTracker.swift */,
				282A6AB22CEEE8490039133F /* ButtonStyles.swift */,
				466945EC2CDFDB1C008E8B99 /* LoadingTracker.swift */,
				46442B942CDD737D009A6F0B /* Constants.swift */,
				DF3D43D12D00DEB1004DAE81 /* JustifiedText.swift */,
				DF38C3C32D0212F3003A156B /* EnvironmentKeys.swift */,
				DF8C84EC2CDFDCA700E8FA7B /* DismissKeyboardModifier.swift */,
				99290EBF2CB7110C003E740A /* FormatDate.swift */,
			);
			path = Utils;
			sourceTree = "<group>";
		};
		999F59522CA6F6A900E7AE9F /* Views */ = {
			isa = PBXGroup;
			children = (
				9995E9BE2D01025A005B9179 /* PortfolioView.swift */,
				9971F29A2CFF835D00BA48C0 /* WithdrawView.swift */,
				DF9D905F2D15D82400DC4BCC /* Socials */,
				995DE48A2CE6A268001B3C3F /* Login */,
				997DE8F32CDAC86000164366 /* NotificationBanner.swift */,
				99DD66022CB80D5B00B56450 /* Common */,
				99DD66012CB80D3D00B56450 /* Token */,
				99DD65FF2CB80D1100B56450 /* History */,
				99DD65FE2CB80D0300B56450 /* Account */,
				DFDA13BB2CEF9ACA00057A29 /* OnboardingView.swift */,
				DFEBC3E72CE44D1100EA4C84 /* Settings */,
				995FCA1D2CDA5ECB0018A76D /* Onramp */,
			);
			path = Views;
			sourceTree = "<group>";
		};
		999F59532CA6F70C00E7AE9F /* Models */ = {
			isa = PBXGroup;
			children = (
				990FD4572D2DD44F0073CB7F /* SolPriceModel.swift */,
				9965F7682D19E2CE0063C773 /* JWTActor.swift */,
				999ACA722CF50EEA008D765B /* TxManager.swift */,
				99BE72BC2CEBB4CA006BB157 /* NotificationHandler.swift */,
				99F3D7A52CE6D934005B895C /* UserModel.swift */,
				999F59552CA6F96D00E7AE9F /* TokenModel.swift */,
				4619A8172CCA4E25003CD119 /* TokenListModel.swift */,
			);
			path = Models;
			sourceTree = "<group>";
		};
		99A7CD502CB80C4100F27964 /* Sources */ = {
			isa = PBXGroup;
			children = (
				9979A72C2D0B8DB600DFDBE5 /* Network */,
				46B4B4532CD542DB00D8175A /* Extensions */,
				999F59532CA6F70C00E7AE9F /* Models */,
				999F59522CA6F6A900E7AE9F /* Views */,
				9936FC562CADCA5200E21B8A /* Structs.swift */,
				DF1FE3C72CD568F700594C63 /* CountryCode.swift */,
				DFF5292A2CC0121B007DC43F /* Gradients.swift */,
				DB6D29042CA1C8F70099951A /* TubApp.swift */,
				99ED51492D317EDA002E0A72 /* AppDelegate.swift */,
				9979D2F02CB57B840040DF41 /* Utils */,
				99856DA52CD27E27004B9D40 /* Privy.swift */,
				DF6D28E12D108B5500810F8B /* DynamicIsland */,
			);
			path = Sources;
			sourceTree = "<group>";
		};
		99DD65FE2CB80D0300B56450 /* Account */ = {
			isa = PBXGroup;
			children = (
				990337042CC9416B002D3A25 /* AccountBalance.swift */,
				DFEBC3DC2CE443CA00EA4C84 /* AccountDetailsView.swift */,
				99DDF62C2CB0280D000234DA /* AccountView.swift */,
			);
			path = Account;
			sourceTree = "<group>";
		};
		99DD65FF2CB80D1100B56450 /* History */ = {
			isa = PBXGroup;
			children = (
				DF5A2FC22CAF165D00508A56 /* HistoryView.swift */,
				DFDA13892CEDF04000057A29 /* TransactionGroupView.swift */,
			);
			path = History;
			sourceTree = "<group>";
		};
		99DD66012CB80D3D00B56450 /* Token */ = {
			isa = PBXGroup;
			children = (
				99DBD8EB2CF77B970098C296 /* TokenInfoPreview.swift */,
				99FBEEA72CCA882300BC6392 /* Charts */,
				991361A02CADE3AA00E5D656 /* TokenListView.swift */,
				DB10A95C2CA5AA1B00B1E4F3 /* TokenView.swift */,
				DFC723E22CB9A86C003A915C /* TokenInfoCardView.swift */,
				99DDF62E2CB0333D000234DA /* BuySellForm */,
			);
			path = Token;
			sourceTree = "<group>";
		};
		99DD66022CB80D5B00B56450 /* Common */ = {
			isa = PBXGroup;
			children = (
				DF74EC6B2D19CAEC0053E262 /* BackgroundBubbleEffect.swift */,
				99BE72AE2CEBB223006BB157 /* BubbleEffect.swift */,
				996772FD2CEB857C0029B298 /* LoadingBox.swift */,
				99B147FD2CDFE5B200DFDB96 /* ShimmeringView.swift */,
				99E789482CC147BD00C3CEEB /* ImageView.swift */,
				99FB68332CC003FC00070D2A /* LoadingView.swift */,
				994AE5F62CD2AB3F00553A32 /* GoogleLogoView.swift */,
				9979A6C62D0B2CD100DFDBE5 /* ErrorView.swift */,
			);
			path = Common;
			sourceTree = "<group>";
		};
		99FBEEA72CCA882300BC6392 /* Charts */ = {
			isa = PBXGroup;
			children = (
				999F595A2CA754F900E7AE9F /* ChartView.swift */,
				99BB98552CC1798400658059 /* CandleChartView.swift */,
			);
			path = Charts;
			sourceTree = "<group>";
		};
		DB458DAB2CAC7F0100C5EC18 /* graphql */ = {
			isa = PBXGroup;
			children = (
				993E5D912CAEF33B000E23A9 /* queries.graphql */,
				DB458DAA2CAC7F0100C5EC18 /* schema.graphqls */,
			);
			path = graphql;
			sourceTree = "<group>";
		};
		DB458DAF2CAC824A00C5EC18 /* Frameworks */ = {
			isa = PBXGroup;
			children = (
				DF6D28BE2D108A5900810F8B /* WidgetKit.framework */,
				DF6D28C02D108A5900810F8B /* SwiftUI.framework */,
			);
			name = Frameworks;
			sourceTree = "<group>";
		};
		DB6D28F82CA1C8F70099951A = {
			isa = PBXGroup;
			children = (
				DF5AC8EC2D26E2A20054C187 /* Shared */,
				DB391A1D2CC377FC002EFA78 /* LaunchScreen.storyboard */,
				DB458DAB2CAC7F0100C5EC18 /* graphql */,
				DB6D29032CA1C8F70099951A /* Tub */,
				DB6D291F2CA1C8F80099951A /* TubUITests */,
				DF6D28C22D108A5900810F8B /* TubWidgetExtension */,
				DB458DAF2CAC824A00C5EC18 /* Frameworks */,
				DB6D29022CA1C8F70099951A /* Products */,
				46442B892CDD72DF009A6F0B /* Recovered References */,
			);
			sourceTree = "<group>";
		};
		DB6D29022CA1C8F70099951A /* Products */ = {
			isa = PBXGroup;
			children = (
				DB6D29012CA1C8F70099951A /* Tub.app */,
				DB6D29122CA1C8F80099951A /* TubTests.xctest */,
				DB6D291C2CA1C8F80099951A /* TubUITests.xctest */,
				DF6D28BD2D108A5900810F8B /* TubWidgetExtensionExtension.appex */,
			);
			name = Products;
			sourceTree = "<group>";
		};
		DB6D29032CA1C8F70099951A /* Tub */ = {
			isa = PBXGroup;
			children = (
				99856DCA2CD29201004B9D40 /* TubRelease.entitlements */,
				99856DA92CD28271004B9D40 /* Info.plist */,
				99A7CD502CB80C4100F27964 /* Sources */,
				DF627D192CF0FB4500A4500B /* Media */,
				9910F1B42CAAE2F0005DEE6B /* Fonts */,
				DB6D29082CA1C8F80099951A /* Assets.xcassets */,
				DB6D290A2CA1C8F80099951A /* Tub.entitlements */,
				DB6D290B2CA1C8F80099951A /* Preview Content */,
				DB6D29152CA1C8F80099951A /* TubTests */,
				282A6A612CEEDDEB0039133F /* Localization */,
			);
			path = Tub;
			sourceTree = "<group>";
		};
		DB6D290B2CA1C8F80099951A /* Preview Content */ = {
			isa = PBXGroup;
			children = (
				DB6D290C2CA1C8F80099951A /* Preview Assets.xcassets */,
			);
			path = "Preview Content";
			sourceTree = "<group>";
		};
		DB6D29152CA1C8F80099951A /* TubTests */ = {
			isa = PBXGroup;
			children = (
				DB6D29162CA1C8F80099951A /* TubTests.swift */,
			);
			path = TubTests;
			sourceTree = "<group>";
		};
		DB6D291F2CA1C8F80099951A /* TubUITests */ = {
			isa = PBXGroup;
			children = (
				DB6D29202CA1C8F80099951A /* TubUITests.swift */,
				DB6D29222CA1C8F80099951A /* TubUITestsLaunchTests.swift */,
			);
			path = TubUITests;
			sourceTree = "<group>";
		};
		DF5AC8EC2D26E2A20054C187 /* Shared */ = {
			isa = PBXGroup;
			children = (
				9941CD6E2CCAA30B0009E5ED /* FormatPrice.swift */,
				990FD5232D2EDFC30073CB7F /* TubActivityAttributes.swift */,
			);
			path = Shared;
			sourceTree = "<group>";
		};
		DF6D28E12D108B5500810F8B /* DynamicIsland */ = {
			isa = PBXGroup;
			children = (
				DF6D28E32D108B8300810F8B /* LiveActivityManager.swift */,
			);
			path = DynamicIsland;
			sourceTree = "<group>";
		};
		DF9D905F2D15D82400DC4BCC /* Socials */ = {
			isa = PBXGroup;
			children = (
				DF9D905E2D15D82400DC4BCC /* ShareView.swift */,
			);
			path = Socials;
			sourceTree = "<group>";
		};
		DFEBC3E72CE44D1100EA4C84 /* Settings */ = {
			isa = PBXGroup;
			children = (
				DFEBC3E52CE44D1100EA4C84 /* SettingsManager.swift */,
				DFEBC3E62CE44D1100EA4C84 /* SettingsView.swift */,
			);
			path = Settings;
			sourceTree = "<group>";
		};
/* End PBXGroup section */

/* Begin PBXNativeTarget section */
		DB6D29002CA1C8F70099951A /* Tub */ = {
			isa = PBXNativeTarget;
			buildConfigurationList = DB6D29262CA1C8F80099951A /* Build configuration list for PBXNativeTarget "Tub" */;
			buildPhases = (
				DB6D28FD2CA1C8F70099951A /* Sources */,
				DB6D28FE2CA1C8F70099951A /* Frameworks */,
				DB6D28FF2CA1C8F70099951A /* Resources */,
				DF6D28D72D108A5A00810F8B /* Embed Foundation Extensions */,
			);
			buildRules = (
			);
			dependencies = (
				DF6D28D12D108A5A00810F8B /* PBXTargetDependency */,
			);
			fileSystemSynchronizedGroups = (
				282A6A612CEEDDEB0039133F /* Localization */,
				46B4B4532CD542DB00D8175A /* Extensions */,
				995DE48A2CE6A268001B3C3F /* Login */,
				9979A72C2D0B8DB600DFDBE5 /* Network */,
				99DDF62E2CB0333D000234DA /* BuySellForm */,
				DF627D192CF0FB4500A4500B /* Media */,
			);
			name = Tub;
			packageProductDependencies = (
				DFA4D6502CAC500B00AEDC73 /* Apollo */,
				DB458DB02CAC824A00C5EC18 /* TubAPI */,
				99C26C1B2CAEE263004807A2 /* ApolloAPI */,
				993E5D8F2CAEE423000E23A9 /* ApolloWebSocket */,
				99DED2502CAF2A6B0055FC60 /* ApolloCombine */,
				99856DA32CD27E1F004B9D40 /* Privy */,
			);
			productName = Tub;
			productReference = DB6D29012CA1C8F70099951A /* Tub.app */;
			productType = "com.apple.product-type.application";
		};
		DB6D29112CA1C8F80099951A /* TubTests */ = {
			isa = PBXNativeTarget;
			buildConfigurationList = DB6D29292CA1C8F80099951A /* Build configuration list for PBXNativeTarget "TubTests" */;
			buildPhases = (
				DB6D290E2CA1C8F80099951A /* Sources */,
				DB6D290F2CA1C8F80099951A /* Frameworks */,
				DB6D29102CA1C8F80099951A /* Resources */,
			);
			buildRules = (
			);
			dependencies = (
				DB6D29142CA1C8F80099951A /* PBXTargetDependency */,
			);
			name = TubTests;
			productName = TubTests;
			productReference = DB6D29122CA1C8F80099951A /* TubTests.xctest */;
			productType = "com.apple.product-type.bundle.unit-test";
		};
		DB6D291B2CA1C8F80099951A /* TubUITests */ = {
			isa = PBXNativeTarget;
			buildConfigurationList = DB6D292C2CA1C8F80099951A /* Build configuration list for PBXNativeTarget "TubUITests" */;
			buildPhases = (
				DB6D29182CA1C8F80099951A /* Sources */,
				DB6D29192CA1C8F80099951A /* Frameworks */,
				DB6D291A2CA1C8F80099951A /* Resources */,
			);
			buildRules = (
			);
			dependencies = (
				DB6D291E2CA1C8F80099951A /* PBXTargetDependency */,
			);
			name = TubUITests;
			productName = TubUITests;
			productReference = DB6D291C2CA1C8F80099951A /* TubUITests.xctest */;
			productType = "com.apple.product-type.bundle.ui-testing";
		};
		DF6D28BC2D108A5900810F8B /* TubWidgetExtensionExtension */ = {
			isa = PBXNativeTarget;
			buildConfigurationList = DF6D28D42D108A5A00810F8B /* Build configuration list for PBXNativeTarget "TubWidgetExtensionExtension" */;
			buildPhases = (
				DF6D28B92D108A5900810F8B /* Sources */,
				DF6D28BA2D108A5900810F8B /* Frameworks */,
				DF6D28BB2D108A5900810F8B /* Resources */,
			);
			buildRules = (
			);
			dependencies = (
			);
			fileSystemSynchronizedGroups = (
				DF6D28C22D108A5900810F8B /* TubWidgetExtension */,
			);
			name = TubWidgetExtensionExtension;
			packageProductDependencies = (
			);
			productName = TubWidgetExtensionExtension;
			productReference = DF6D28BD2D108A5900810F8B /* TubWidgetExtensionExtension.appex */;
			productType = "com.apple.product-type.app-extension";
		};
/* End PBXNativeTarget section */

/* Begin PBXProject section */
		DB6D28F92CA1C8F70099951A /* Project object */ = {
			isa = PBXProject;
			attributes = {
				BuildIndependentTargetsInParallel = 1;
				LastSwiftUpdateCheck = 1600;
				LastUpgradeCheck = 1610;
				TargetAttributes = {
					DB6D29002CA1C8F70099951A = {
						CreatedOnToolsVersion = 15.2;
					};
					DB6D29112CA1C8F80099951A = {
						CreatedOnToolsVersion = 15.2;
						TestTargetID = DB6D29002CA1C8F70099951A;
					};
					DB6D291B2CA1C8F80099951A = {
						CreatedOnToolsVersion = 15.2;
						TestTargetID = DB6D29002CA1C8F70099951A;
					};
					DF6D28BC2D108A5900810F8B = {
						CreatedOnToolsVersion = 16.0;
					};
				};
			};
			buildConfigurationList = DB6D28FC2CA1C8F70099951A /* Build configuration list for PBXProject "Tub" */;
			compatibilityVersion = "Xcode 14.0";
			developmentRegion = en;
			hasScannedForEncodings = 0;
			knownRegions = (
				en,
				Base,
				fr,
			);
			mainGroup = DB6D28F82CA1C8F70099951A;
			packageReferences = (
				999F59592CA754CB00E7AE9F /* XCRemoteSwiftPackageReference "Charts" */,
				DFA4D64F2CAC500B00AEDC73 /* XCRemoteSwiftPackageReference "apollo-ios" */,
				DFA4D6522CAC50FE00AEDC73 /* XCRemoteSwiftPackageReference "apollo-ios-codegen" */,
				DB458DAE2CAC821D00C5EC18 /* XCLocalSwiftPackageReference "TubAPI" */,
				99DED24F2CAF2A6B0055FC60 /* XCRemoteSwiftPackageReference "ApolloCombine" */,
				99856DA22CD27E1F004B9D40 /* XCRemoteSwiftPackageReference "privy-ios" */,
			);
			productRefGroup = DB6D29022CA1C8F70099951A /* Products */;
			projectDirPath = "";
			projectRoot = "";
			targets = (
				DB6D29002CA1C8F70099951A /* Tub */,
				DB6D29112CA1C8F80099951A /* TubTests */,
				DB6D291B2CA1C8F80099951A /* TubUITests */,
				DF6D28BC2D108A5900810F8B /* TubWidgetExtensionExtension */,
			);
		};
/* End PBXProject section */

/* Begin PBXResourcesBuildPhase section */
		DB6D28FF2CA1C8F70099951A /* Resources */ = {
			isa = PBXResourcesBuildPhase;
			buildActionMask = 2147483647;
			files = (
				DB6D290D2CA1C8F80099951A /* Preview Assets.xcassets in Resources */,
				DB6D29092CA1C8F80099951A /* Assets.xcassets in Resources */,
				DB391A1E2CC377FC002EFA78 /* LaunchScreen.storyboard in Resources */,
				993E5D942CAEF33B000E23A9 /* queries.graphql in Resources */,
			);
			runOnlyForDeploymentPostprocessing = 0;
		};
		DB6D29102CA1C8F80099951A /* Resources */ = {
			isa = PBXResourcesBuildPhase;
			buildActionMask = 2147483647;
			files = (
			);
			runOnlyForDeploymentPostprocessing = 0;
		};
		DB6D291A2CA1C8F80099951A /* Resources */ = {
			isa = PBXResourcesBuildPhase;
			buildActionMask = 2147483647;
			files = (
			);
			runOnlyForDeploymentPostprocessing = 0;
		};
		DF6D28BB2D108A5900810F8B /* Resources */ = {
			isa = PBXResourcesBuildPhase;
			buildActionMask = 2147483647;
			files = (
			);
			runOnlyForDeploymentPostprocessing = 0;
		};
/* End PBXResourcesBuildPhase section */

/* Begin PBXSourcesBuildPhase section */
		DB6D28FD2CA1C8F70099951A /* Sources */ = {
			isa = PBXSourcesBuildPhase;
			buildActionMask = 2147483647;
			files = (
				99ED514A2D317EDF002E0A72 /* AppDelegate.swift in Sources */,
				46BC477C2D282C0200117602 /* DwebLink.swift in Sources */,
				990FD5252D2EDFC30073CB7F /* TubActivityAttributes.swift in Sources */,
				99F3D7A62CE6D937005B895C /* UserModel.swift in Sources */,
				99BE72BD2CEBB4CA006BB157 /* NotificationHandler.swift in Sources */,
				995D05662CF3C7C900627E81 /* retry.swift in Sources */,
				991361A12CADE3B300E5D656 /* TokenListView.swift in Sources */,
				99B147FE2CDFE5B200DFDB96 /* ShimmeringView.swift in Sources */,
				99DBD8EC2CF77B9C0098C296 /* TokenInfoPreview.swift in Sources */,
				DFC723E32CB9A86C003A915C /* TokenInfoCardView.swift in Sources */,
				9910F1B62CAAE302005DEE6B /* SFRounded.swift in Sources */,
				DF8C84ED2CDFDCA700E8FA7B /* DismissKeyboardModifier.swift in Sources */,
				9971F29B2CFF836700BA48C0 /* WithdrawView.swift in Sources */,
				995FCA1F2CDA5ED70018A76D /* CoinbaseOnrampView.swift in Sources */,
				996772FE2CEB85820029B298 /* LoadingBox.swift in Sources */,
				DF6D28E42D108B8300810F8B /* LiveActivityManager.swift in Sources */,
				282A6AB32CEEE8490039133F /* ButtonStyles.swift in Sources */,
				99DDF62D2CB02816000234DA /* AccountView.swift in Sources */,
				9936FC582CADCA5200E21B8A /* Structs.swift in Sources */,
				997DE8F42CDAC86500164366 /* NotificationBanner.swift in Sources */,
				46442B952CDD7380009A6F0B /* Constants.swift in Sources */,
				4619A8182CCA4E25003CD119 /* TokenListModel.swift in Sources */,
				DF5A2FC32CAF165D00508A56 /* HistoryView.swift in Sources */,
				994AE5F72CD2AB3F00553A32 /* GoogleLogoView.swift in Sources */,
				DF3D43D22D00DEB1004DAE81 /* JustifiedText.swift in Sources */,
				99DBD8EE2CF781EA0098C296 /* spoofModelData.swift in Sources */,
				DF9D90602D15D82400DC4BCC /* ShareView.swift in Sources */,
				466945ED2CDFDB1F008E8B99 /* LoadingTracker.swift in Sources */,
				DF74EC6C2D19CAEC0053E262 /* BackgroundBubbleEffect.swift in Sources */,
				99856DA62CD27E2E004B9D40 /* Privy.swift in Sources */,
				999F595B2CA754FB00E7AE9F /* ChartView.swift in Sources */,
				DFDA13BC2CEF9ACA00057A29 /* OnboardingView.swift in Sources */,
				9995E9BF2D01025D005B9179 /* PortfolioView.swift in Sources */,
				DFF5292B2CC0121B007DC43F /* Gradients.swift in Sources */,
				5D8EFC2C2CE529BB002D8210 /* AppDwellTimeTracker.swift in Sources */,
				99290EC02CB7110C003E740A /* FormatDate.swift in Sources */,
				DF1FE3C82CD568F700594C63 /* CountryCode.swift in Sources */,
				DFEBC3E82CE44D1100EA4C84 /* SettingsManager.swift in Sources */,
				DFEBC3E92CE44D1100EA4C84 /* SettingsView.swift in Sources */,
				DF38C3C42D0212F3003A156B /* EnvironmentKeys.swift in Sources */,
				999ACA732CF50F13008D765B /* TxManager.swift in Sources */,
				DB10A95D2CA5AA1B00B1E4F3 /* TokenView.swift in Sources */,
				DB6D29052CA1C8F70099951A /* TubApp.swift in Sources */,
				990337052CC94175002D3A25 /* AccountBalance.swift in Sources */,
				9941CD6F2CCAA30D0009E5ED /* FormatPrice.swift in Sources */,
				9965F7692D19E2D30063C773 /* JWTActor.swift in Sources */,
				99FB68342CC003FC00070D2A /* LoadingView.swift in Sources */,
				990FD4582D2DD44F0073CB7F /* SolPriceModel.swift in Sources */,
				9979A6CD2D0B2CD100DFDBE5 /* ErrorView.swift in Sources */,
				DFDA138A2CEDF04000057A29 /* TransactionGroupView.swift in Sources */,
				999F59562CA6F97100E7AE9F /* TokenModel.swift in Sources */,
				99BB98562CC1798600658059 /* CandleChartView.swift in Sources */,
				99E789492CC147C000C3CEEB /* ImageView.swift in Sources */,
				DFEBC3DD2CE443CA00EA4C84 /* AccountDetailsView.swift in Sources */,
				99BE72B02CEBB223006BB157 /* BubbleEffect.swift in Sources */,
			);
			runOnlyForDeploymentPostprocessing = 0;
		};
		DB6D290E2CA1C8F80099951A /* Sources */ = {
			isa = PBXSourcesBuildPhase;
			buildActionMask = 2147483647;
			files = (
				DB6D29172CA1C8F80099951A /* TubTests.swift in Sources */,
				990FD5262D2EDFC30073CB7F /* TubActivityAttributes.swift in Sources */,
			);
			runOnlyForDeploymentPostprocessing = 0;
		};
		DB6D29182CA1C8F80099951A /* Sources */ = {
			isa = PBXSourcesBuildPhase;
			buildActionMask = 2147483647;
			files = (
				DB6D29232CA1C8F80099951A /* TubUITestsLaunchTests.swift in Sources */,
				DB6D29212CA1C8F80099951A /* TubUITests.swift in Sources */,
			);
			runOnlyForDeploymentPostprocessing = 0;
		};
		DF6D28B92D108A5900810F8B /* Sources */ = {
			isa = PBXSourcesBuildPhase;
			buildActionMask = 2147483647;
			files = (
				996873252D36B9E5003C43E5 /* FormatPrice.swift in Sources */,
				990FD5242D2EDFC30073CB7F /* TubActivityAttributes.swift in Sources */,
			);
			runOnlyForDeploymentPostprocessing = 0;
		};
/* End PBXSourcesBuildPhase section */

/* Begin PBXTargetDependency section */
		DB6D29142CA1C8F80099951A /* PBXTargetDependency */ = {
			isa = PBXTargetDependency;
			target = DB6D29002CA1C8F70099951A /* Tub */;
			targetProxy = DB6D29132CA1C8F80099951A /* PBXContainerItemProxy */;
		};
		DB6D291E2CA1C8F80099951A /* PBXTargetDependency */ = {
			isa = PBXTargetDependency;
			target = DB6D29002CA1C8F70099951A /* Tub */;
			targetProxy = DB6D291D2CA1C8F80099951A /* PBXContainerItemProxy */;
		};
		DF6D28D12D108A5A00810F8B /* PBXTargetDependency */ = {
			isa = PBXTargetDependency;
			target = DF6D28BC2D108A5900810F8B /* TubWidgetExtensionExtension */;
			targetProxy = DF6D28D02D108A5A00810F8B /* PBXContainerItemProxy */;
		};
/* End PBXTargetDependency section */

/* Begin XCBuildConfiguration section */
		DB6D29242CA1C8F80099951A /* Debug */ = {
			isa = XCBuildConfiguration;
			buildSettings = {
				ALWAYS_SEARCH_USER_PATHS = NO;
				ASSETCATALOG_COMPILER_GENERATE_SWIFT_ASSET_SYMBOL_EXTENSIONS = YES;
				CLANG_ANALYZER_LOCALIZABILITY_NONLOCALIZED = YES;
				CLANG_ANALYZER_NONNULL = YES;
				CLANG_ANALYZER_NUMBER_OBJECT_CONVERSION = YES_AGGRESSIVE;
				CLANG_CXX_LANGUAGE_STANDARD = "gnu++20";
				CLANG_ENABLE_MODULES = YES;
				CLANG_ENABLE_OBJC_ARC = YES;
				CLANG_ENABLE_OBJC_WEAK = YES;
				CLANG_WARN_BLOCK_CAPTURE_AUTORELEASING = YES;
				CLANG_WARN_BOOL_CONVERSION = YES;
				CLANG_WARN_COMMA = YES;
				CLANG_WARN_CONSTANT_CONVERSION = YES;
				CLANG_WARN_DEPRECATED_OBJC_IMPLEMENTATIONS = YES;
				CLANG_WARN_DIRECT_OBJC_ISA_USAGE = YES_ERROR;
				CLANG_WARN_DOCUMENTATION_COMMENTS = YES;
				CLANG_WARN_EMPTY_BODY = YES;
				CLANG_WARN_ENUM_CONVERSION = YES;
				CLANG_WARN_INFINITE_RECURSION = YES;
				CLANG_WARN_INT_CONVERSION = YES;
				CLANG_WARN_NON_LITERAL_NULL_CONVERSION = YES;
				CLANG_WARN_OBJC_IMPLICIT_RETAIN_SELF = YES;
				CLANG_WARN_OBJC_LITERAL_CONVERSION = YES;
				CLANG_WARN_OBJC_ROOT_CLASS = YES_ERROR;
				CLANG_WARN_QUOTED_INCLUDE_IN_FRAMEWORK_HEADER = YES;
				CLANG_WARN_RANGE_LOOP_ANALYSIS = YES;
				CLANG_WARN_STRICT_PROTOTYPES = YES;
				CLANG_WARN_SUSPICIOUS_MOVE = YES;
				CLANG_WARN_UNGUARDED_AVAILABILITY = YES_AGGRESSIVE;
				CLANG_WARN_UNREACHABLE_CODE = YES;
				CLANG_WARN__DUPLICATE_METHOD_MATCH = YES;
				COPY_PHASE_STRIP = NO;
				DEAD_CODE_STRIPPING = YES;
				DEBUG_INFORMATION_FORMAT = dwarf;
				ENABLE_STRICT_OBJC_MSGSEND = YES;
				ENABLE_TESTABILITY = YES;
				ENABLE_USER_SCRIPT_SANDBOXING = YES;
				GCC_C_LANGUAGE_STANDARD = gnu17;
				GCC_DYNAMIC_NO_PIC = NO;
				GCC_NO_COMMON_BLOCKS = YES;
				GCC_OPTIMIZATION_LEVEL = 0;
				GCC_PREPROCESSOR_DEFINITIONS = (
					"DEBUG=1",
					"$(inherited)",
				);
				GCC_WARN_64_TO_32_BIT_CONVERSION = YES;
				GCC_WARN_ABOUT_RETURN_TYPE = YES_ERROR;
				GCC_WARN_UNDECLARED_SELECTOR = YES;
				GCC_WARN_UNINITIALIZED_AUTOS = YES_AGGRESSIVE;
				GCC_WARN_UNUSED_FUNCTION = YES;
				GCC_WARN_UNUSED_VARIABLE = YES;
				LOCALIZATION_PREFERS_STRING_CATALOGS = YES;
				MTL_ENABLE_DEBUG_INFO = INCLUDE_SOURCE;
				MTL_FAST_MATH = YES;
				ONLY_ACTIVE_ARCH = YES;
				SWIFT_ACTIVE_COMPILATION_CONDITIONS = "DEBUG $(inherited)";
				SWIFT_EMIT_LOC_STRINGS = YES;
				SWIFT_OPTIMIZATION_LEVEL = "-Onone";
			};
			name = Debug;
		};
		DB6D29252CA1C8F80099951A /* Release */ = {
			isa = XCBuildConfiguration;
			buildSettings = {
				ALWAYS_SEARCH_USER_PATHS = NO;
				ASSETCATALOG_COMPILER_GENERATE_SWIFT_ASSET_SYMBOL_EXTENSIONS = YES;
				CLANG_ANALYZER_LOCALIZABILITY_NONLOCALIZED = YES;
				CLANG_ANALYZER_NONNULL = YES;
				CLANG_ANALYZER_NUMBER_OBJECT_CONVERSION = YES_AGGRESSIVE;
				CLANG_CXX_LANGUAGE_STANDARD = "gnu++20";
				CLANG_ENABLE_MODULES = YES;
				CLANG_ENABLE_OBJC_ARC = YES;
				CLANG_ENABLE_OBJC_WEAK = YES;
				CLANG_WARN_BLOCK_CAPTURE_AUTORELEASING = YES;
				CLANG_WARN_BOOL_CONVERSION = YES;
				CLANG_WARN_COMMA = YES;
				CLANG_WARN_CONSTANT_CONVERSION = YES;
				CLANG_WARN_DEPRECATED_OBJC_IMPLEMENTATIONS = YES;
				CLANG_WARN_DIRECT_OBJC_ISA_USAGE = YES_ERROR;
				CLANG_WARN_DOCUMENTATION_COMMENTS = YES;
				CLANG_WARN_EMPTY_BODY = YES;
				CLANG_WARN_ENUM_CONVERSION = YES;
				CLANG_WARN_INFINITE_RECURSION = YES;
				CLANG_WARN_INT_CONVERSION = YES;
				CLANG_WARN_NON_LITERAL_NULL_CONVERSION = YES;
				CLANG_WARN_OBJC_IMPLICIT_RETAIN_SELF = YES;
				CLANG_WARN_OBJC_LITERAL_CONVERSION = YES;
				CLANG_WARN_OBJC_ROOT_CLASS = YES_ERROR;
				CLANG_WARN_QUOTED_INCLUDE_IN_FRAMEWORK_HEADER = YES;
				CLANG_WARN_RANGE_LOOP_ANALYSIS = YES;
				CLANG_WARN_STRICT_PROTOTYPES = YES;
				CLANG_WARN_SUSPICIOUS_MOVE = YES;
				CLANG_WARN_UNGUARDED_AVAILABILITY = YES_AGGRESSIVE;
				CLANG_WARN_UNREACHABLE_CODE = YES;
				CLANG_WARN__DUPLICATE_METHOD_MATCH = YES;
				COPY_PHASE_STRIP = NO;
				DEAD_CODE_STRIPPING = YES;
				DEBUG_INFORMATION_FORMAT = "dwarf-with-dsym";
				ENABLE_NS_ASSERTIONS = NO;
				ENABLE_STRICT_OBJC_MSGSEND = YES;
				ENABLE_USER_SCRIPT_SANDBOXING = YES;
				GCC_C_LANGUAGE_STANDARD = gnu17;
				GCC_NO_COMMON_BLOCKS = YES;
				GCC_WARN_64_TO_32_BIT_CONVERSION = YES;
				GCC_WARN_ABOUT_RETURN_TYPE = YES_ERROR;
				GCC_WARN_UNDECLARED_SELECTOR = YES;
				GCC_WARN_UNINITIALIZED_AUTOS = YES_AGGRESSIVE;
				GCC_WARN_UNUSED_FUNCTION = YES;
				GCC_WARN_UNUSED_VARIABLE = YES;
				LOCALIZATION_PREFERS_STRING_CATALOGS = YES;
				MTL_ENABLE_DEBUG_INFO = NO;
				MTL_FAST_MATH = YES;
				SWIFT_COMPILATION_MODE = wholemodule;
				SWIFT_EMIT_LOC_STRINGS = YES;
			};
			name = Release;
		};
		DB6D29272CA1C8F80099951A /* Debug */ = {
			isa = XCBuildConfiguration;
			buildSettings = {
				ASSETCATALOG_COMPILER_APPICON_NAME = AppIcon;
				ASSETCATALOG_COMPILER_GLOBAL_ACCENT_COLOR_NAME = AccentColor;
				ASSETCATALOG_COMPILER_INCLUDE_ALL_APPICON_ASSETS = NO;
				CODE_SIGN_ENTITLEMENTS = Tub/Tub.entitlements;
				CODE_SIGN_IDENTITY = "Apple Development";
				CODE_SIGN_STYLE = Automatic;
				CURRENT_PROJECT_VERSION = 1.5.0.5;
				DEAD_CODE_STRIPPING = YES;
				DEVELOPMENT_ASSET_PATHS = "\"Tub/Preview Content\"";
				DEVELOPMENT_TEAM = YQ22J47VA8;
				ENABLE_PREVIEWS = YES;
				EXCLUDED_ARCHS = "";
				GENERATE_INFOPLIST_FILE = YES;
				INFOPLIST_FILE = Tub/Info.plist;
				INFOPLIST_KEY_CFBundleDisplayName = Tub;
				INFOPLIST_KEY_LSApplicationCategoryType = "public.app-category.entertainment";
				INFOPLIST_KEY_NSPhotoLibraryAddUsageDescription = "Tub would like to save images to your photo library.";
				INFOPLIST_KEY_NSSupportsLiveActivities = YES;
				INFOPLIST_KEY_NSSupportsLiveActivitiesFrequentUpdates = YES;
				"INFOPLIST_KEY_UIApplicationSceneManifest_Generation[sdk=iphoneos*]" = YES;
				"INFOPLIST_KEY_UIApplicationSceneManifest_Generation[sdk=iphonesimulator*]" = YES;
				"INFOPLIST_KEY_UIApplicationSupportsIndirectInputEvents[sdk=iphoneos*]" = YES;
				"INFOPLIST_KEY_UIApplicationSupportsIndirectInputEvents[sdk=iphonesimulator*]" = YES;
				"INFOPLIST_KEY_UILaunchScreen_Generation[sdk=iphoneos*]" = YES;
				"INFOPLIST_KEY_UILaunchScreen_Generation[sdk=iphonesimulator*]" = YES;
				INFOPLIST_KEY_UILaunchStoryboardName = LaunchScreen;
				INFOPLIST_KEY_UIRequiresFullScreen = YES;
				"INFOPLIST_KEY_UIStatusBarStyle[sdk=iphoneos*]" = UIStatusBarStyleDefault;
				"INFOPLIST_KEY_UIStatusBarStyle[sdk=iphonesimulator*]" = UIStatusBarStyleDefault;
				INFOPLIST_KEY_UISupportedInterfaceOrientations = UIInterfaceOrientationPortrait;
				IPHONEOS_DEPLOYMENT_TARGET = 17.2;
				LD_RUNPATH_SEARCH_PATHS = "@executable_path/Frameworks";
				"LD_RUNPATH_SEARCH_PATHS[sdk=macosx*]" = "@executable_path/../Frameworks";
				MACOSX_DEPLOYMENT_TARGET = 14.2;
				MARKETING_VERSION = 1.5.0;
				PRODUCT_BUNDLE_IDENTIFIER = com.primodium.tub;
				PRODUCT_NAME = "$(TARGET_NAME)";
				PROVISIONING_PROFILE_SPECIFIER = "";
				SDKROOT = auto;
				SUPPORTED_PLATFORMS = "iphoneos iphonesimulator";
				SUPPORTS_MACCATALYST = NO;
				SWIFT_EMIT_LOC_STRINGS = YES;
				SWIFT_VERSION = 5.0;
				TARGETED_DEVICE_FAMILY = "1,2";
			};
			name = Debug;
		};
		DB6D29282CA1C8F80099951A /* Release */ = {
			isa = XCBuildConfiguration;
			buildSettings = {
				ASSETCATALOG_COMPILER_APPICON_NAME = AppIcon;
				ASSETCATALOG_COMPILER_GLOBAL_ACCENT_COLOR_NAME = AccentColor;
				ASSETCATALOG_COMPILER_INCLUDE_ALL_APPICON_ASSETS = NO;
				CODE_SIGN_ENTITLEMENTS = Tub/TubRelease.entitlements;
				CODE_SIGN_IDENTITY = "Apple Development";
				CODE_SIGN_STYLE = Automatic;
				CURRENT_PROJECT_VERSION = 1.5.0.5;
				DEAD_CODE_STRIPPING = YES;
				DEVELOPMENT_ASSET_PATHS = "\"Tub/Preview Content\"";
				DEVELOPMENT_TEAM = YQ22J47VA8;
				ENABLE_PREVIEWS = YES;
				EXCLUDED_ARCHS = "";
				GENERATE_INFOPLIST_FILE = YES;
				INFOPLIST_FILE = Tub/Info.plist;
				INFOPLIST_KEY_CFBundleDisplayName = Tub;
				INFOPLIST_KEY_LSApplicationCategoryType = "public.app-category.entertainment";
				INFOPLIST_KEY_NSPhotoLibraryAddUsageDescription = "Tub would like to save images to your photo library.";
				INFOPLIST_KEY_NSSupportsLiveActivities = YES;
				INFOPLIST_KEY_NSSupportsLiveActivitiesFrequentUpdates = YES;
				"INFOPLIST_KEY_UIApplicationSceneManifest_Generation[sdk=iphoneos*]" = YES;
				"INFOPLIST_KEY_UIApplicationSceneManifest_Generation[sdk=iphonesimulator*]" = YES;
				"INFOPLIST_KEY_UIApplicationSupportsIndirectInputEvents[sdk=iphoneos*]" = YES;
				"INFOPLIST_KEY_UIApplicationSupportsIndirectInputEvents[sdk=iphonesimulator*]" = YES;
				"INFOPLIST_KEY_UILaunchScreen_Generation[sdk=iphoneos*]" = YES;
				"INFOPLIST_KEY_UILaunchScreen_Generation[sdk=iphonesimulator*]" = YES;
				INFOPLIST_KEY_UILaunchStoryboardName = LaunchScreen;
				INFOPLIST_KEY_UIRequiresFullScreen = YES;
				"INFOPLIST_KEY_UIStatusBarStyle[sdk=iphoneos*]" = UIStatusBarStyleDefault;
				"INFOPLIST_KEY_UIStatusBarStyle[sdk=iphonesimulator*]" = UIStatusBarStyleDefault;
				INFOPLIST_KEY_UISupportedInterfaceOrientations = UIInterfaceOrientationPortrait;
				IPHONEOS_DEPLOYMENT_TARGET = 17.2;
				LD_RUNPATH_SEARCH_PATHS = "@executable_path/Frameworks";
				"LD_RUNPATH_SEARCH_PATHS[sdk=macosx*]" = "@executable_path/../Frameworks";
				MACOSX_DEPLOYMENT_TARGET = 14.2;
				MARKETING_VERSION = 1.5.0;
				PRODUCT_BUNDLE_IDENTIFIER = com.primodium.tub;
				PRODUCT_NAME = "$(TARGET_NAME)";
				PROVISIONING_PROFILE_SPECIFIER = "";
				SDKROOT = auto;
				SUPPORTED_PLATFORMS = "iphoneos iphonesimulator";
				SUPPORTS_MACCATALYST = NO;
				SWIFT_EMIT_LOC_STRINGS = YES;
				SWIFT_VERSION = 5.0;
				TARGETED_DEVICE_FAMILY = "1,2";
			};
			name = Release;
		};
		DB6D292A2CA1C8F80099951A /* Debug */ = {
			isa = XCBuildConfiguration;
			buildSettings = {
				BUNDLE_LOADER = "$(TEST_HOST)";
				CODE_SIGN_STYLE = Automatic;
				CURRENT_PROJECT_VERSION = 1;
				DEAD_CODE_STRIPPING = YES;
				GENERATE_INFOPLIST_FILE = YES;
				IPHONEOS_DEPLOYMENT_TARGET = 17.2;
				MACOSX_DEPLOYMENT_TARGET = 14.2;
				MARKETING_VERSION = 1.0;
				PRODUCT_BUNDLE_IDENTIFIER = com.primodium.TubTests;
				PRODUCT_NAME = "$(TARGET_NAME)";
				SDKROOT = auto;
				SUPPORTED_PLATFORMS = "iphoneos iphonesimulator macosx";
				SWIFT_EMIT_LOC_STRINGS = NO;
				SWIFT_VERSION = 5.0;
				TARGETED_DEVICE_FAMILY = "1,2";
				TEST_HOST = "$(BUILT_PRODUCTS_DIR)/Tub.app/$(BUNDLE_EXECUTABLE_FOLDER_PATH)/Tub";
			};
			name = Debug;
		};
		DB6D292B2CA1C8F80099951A /* Release */ = {
			isa = XCBuildConfiguration;
			buildSettings = {
				BUNDLE_LOADER = "$(TEST_HOST)";
				CODE_SIGN_STYLE = Automatic;
				CURRENT_PROJECT_VERSION = 1;
				DEAD_CODE_STRIPPING = YES;
				GENERATE_INFOPLIST_FILE = YES;
				IPHONEOS_DEPLOYMENT_TARGET = 17.2;
				MACOSX_DEPLOYMENT_TARGET = 14.2;
				MARKETING_VERSION = 1.0;
				PRODUCT_BUNDLE_IDENTIFIER = com.primodium.TubTests;
				PRODUCT_NAME = "$(TARGET_NAME)";
				SDKROOT = auto;
				SUPPORTED_PLATFORMS = "iphoneos iphonesimulator macosx";
				SWIFT_EMIT_LOC_STRINGS = NO;
				SWIFT_VERSION = 5.0;
				TARGETED_DEVICE_FAMILY = "1,2";
				TEST_HOST = "$(BUILT_PRODUCTS_DIR)/Tub.app/$(BUNDLE_EXECUTABLE_FOLDER_PATH)/Tub";
			};
			name = Release;
		};
		DB6D292D2CA1C8F80099951A /* Debug */ = {
			isa = XCBuildConfiguration;
			buildSettings = {
				CODE_SIGN_STYLE = Automatic;
				CURRENT_PROJECT_VERSION = 1;
				DEAD_CODE_STRIPPING = YES;
				GENERATE_INFOPLIST_FILE = YES;
				IPHONEOS_DEPLOYMENT_TARGET = 17.2;
				MACOSX_DEPLOYMENT_TARGET = 14.2;
				MARKETING_VERSION = 1.0;
				PRODUCT_BUNDLE_IDENTIFIER = com.primodium.TubUITests;
				PRODUCT_NAME = "$(TARGET_NAME)";
				SDKROOT = auto;
				SUPPORTED_PLATFORMS = "iphoneos iphonesimulator macosx";
				SWIFT_EMIT_LOC_STRINGS = NO;
				SWIFT_VERSION = 5.0;
				TARGETED_DEVICE_FAMILY = "1,2";
				TEST_TARGET_NAME = Tub;
			};
			name = Debug;
		};
		DB6D292E2CA1C8F80099951A /* Release */ = {
			isa = XCBuildConfiguration;
			buildSettings = {
				CODE_SIGN_STYLE = Automatic;
				CURRENT_PROJECT_VERSION = 1;
				DEAD_CODE_STRIPPING = YES;
				GENERATE_INFOPLIST_FILE = YES;
				IPHONEOS_DEPLOYMENT_TARGET = 17.2;
				MACOSX_DEPLOYMENT_TARGET = 14.2;
				MARKETING_VERSION = 1.0;
				PRODUCT_BUNDLE_IDENTIFIER = com.primodium.TubUITests;
				PRODUCT_NAME = "$(TARGET_NAME)";
				SDKROOT = auto;
				SUPPORTED_PLATFORMS = "iphoneos iphonesimulator macosx";
				SWIFT_EMIT_LOC_STRINGS = NO;
				SWIFT_VERSION = 5.0;
				TARGETED_DEVICE_FAMILY = "1,2";
				TEST_TARGET_NAME = Tub;
			};
			name = Release;
		};
		DF6D28D52D108A5A00810F8B /* Debug */ = {
			isa = XCBuildConfiguration;
			buildSettings = {
				ASSETCATALOG_COMPILER_GLOBAL_ACCENT_COLOR_NAME = AccentColor;
				ASSETCATALOG_COMPILER_WIDGET_BACKGROUND_COLOR_NAME = WidgetBackground;
				CODE_SIGN_STYLE = Automatic;
				CURRENT_PROJECT_VERSION = 1;
				DEVELOPMENT_TEAM = YQ22J47VA8;
				GENERATE_INFOPLIST_FILE = YES;
				INFOPLIST_FILE = TubWidgetExtension/Info.plist;
				INFOPLIST_KEY_CFBundleDisplayName = TubWidgetExtension;
				INFOPLIST_KEY_NSHumanReadableCopyright = "";
				IPHONEOS_DEPLOYMENT_TARGET = 18.0;
				LD_RUNPATH_SEARCH_PATHS = (
					"$(inherited)",
					"@executable_path/Frameworks",
					"@executable_path/../../Frameworks",
				);
				MARKETING_VERSION = 1.0;
				PRODUCT_BUNDLE_IDENTIFIER = com.primodium.tub.TubWidgetExtension;
				PRODUCT_NAME = "$(TARGET_NAME)";
				SDKROOT = iphoneos;
				SKIP_INSTALL = YES;
				SWIFT_EMIT_LOC_STRINGS = YES;
				SWIFT_VERSION = 5.0;
				TARGETED_DEVICE_FAMILY = "1,2";
			};
			name = Debug;
		};
		DF6D28D62D108A5A00810F8B /* Release */ = {
			isa = XCBuildConfiguration;
			buildSettings = {
				ASSETCATALOG_COMPILER_GLOBAL_ACCENT_COLOR_NAME = AccentColor;
				ASSETCATALOG_COMPILER_WIDGET_BACKGROUND_COLOR_NAME = WidgetBackground;
				CODE_SIGN_STYLE = Automatic;
				CURRENT_PROJECT_VERSION = 1;
				DEVELOPMENT_TEAM = YQ22J47VA8;
				GENERATE_INFOPLIST_FILE = YES;
				INFOPLIST_FILE = TubWidgetExtension/Info.plist;
				INFOPLIST_KEY_CFBundleDisplayName = TubWidgetExtension;
				INFOPLIST_KEY_NSHumanReadableCopyright = "";
				IPHONEOS_DEPLOYMENT_TARGET = 18.0;
				LD_RUNPATH_SEARCH_PATHS = (
					"$(inherited)",
					"@executable_path/Frameworks",
					"@executable_path/../../Frameworks",
				);
				MARKETING_VERSION = 1.0;
				PRODUCT_BUNDLE_IDENTIFIER = com.primodium.tub.TubWidgetExtension;
				PRODUCT_NAME = "$(TARGET_NAME)";
				SDKROOT = iphoneos;
				SKIP_INSTALL = YES;
				SWIFT_EMIT_LOC_STRINGS = YES;
				SWIFT_VERSION = 5.0;
				TARGETED_DEVICE_FAMILY = "1,2";
				VALIDATE_PRODUCT = YES;
			};
			name = Release;
		};
/* End XCBuildConfiguration section */

/* Begin XCConfigurationList section */
		DB6D28FC2CA1C8F70099951A /* Build configuration list for PBXProject "Tub" */ = {
			isa = XCConfigurationList;
			buildConfigurations = (
				DB6D29242CA1C8F80099951A /* Debug */,
				DB6D29252CA1C8F80099951A /* Release */,
			);
			defaultConfigurationIsVisible = 0;
			defaultConfigurationName = Release;
		};
		DB6D29262CA1C8F80099951A /* Build configuration list for PBXNativeTarget "Tub" */ = {
			isa = XCConfigurationList;
			buildConfigurations = (
				DB6D29272CA1C8F80099951A /* Debug */,
				DB6D29282CA1C8F80099951A /* Release */,
			);
			defaultConfigurationIsVisible = 0;
			defaultConfigurationName = Release;
		};
		DB6D29292CA1C8F80099951A /* Build configuration list for PBXNativeTarget "TubTests" */ = {
			isa = XCConfigurationList;
			buildConfigurations = (
				DB6D292A2CA1C8F80099951A /* Debug */,
				DB6D292B2CA1C8F80099951A /* Release */,
			);
			defaultConfigurationIsVisible = 0;
			defaultConfigurationName = Release;
		};
		DB6D292C2CA1C8F80099951A /* Build configuration list for PBXNativeTarget "TubUITests" */ = {
			isa = XCConfigurationList;
			buildConfigurations = (
				DB6D292D2CA1C8F80099951A /* Debug */,
				DB6D292E2CA1C8F80099951A /* Release */,
			);
			defaultConfigurationIsVisible = 0;
			defaultConfigurationName = Release;
		};
		DF6D28D42D108A5A00810F8B /* Build configuration list for PBXNativeTarget "TubWidgetExtensionExtension" */ = {
			isa = XCConfigurationList;
			buildConfigurations = (
				DF6D28D52D108A5A00810F8B /* Debug */,
				DF6D28D62D108A5A00810F8B /* Release */,
			);
			defaultConfigurationIsVisible = 0;
			defaultConfigurationName = Release;
		};
/* End XCConfigurationList section */

/* Begin XCLocalSwiftPackageReference section */
		DB458DAE2CAC821D00C5EC18 /* XCLocalSwiftPackageReference "TubAPI" */ = {
			isa = XCLocalSwiftPackageReference;
			relativePath = TubAPI;
		};
/* End XCLocalSwiftPackageReference section */

/* Begin XCRemoteSwiftPackageReference section */
		99856DA22CD27E1F004B9D40 /* XCRemoteSwiftPackageReference "privy-ios" */ = {
			isa = XCRemoteSwiftPackageReference;
			repositoryURL = "https://github.com/privy-io/privy-ios";
			requirement = {
				kind = upToNextMajorVersion;
				minimumVersion = 1.4.0;
			};
		};
		999F59592CA754CB00E7AE9F /* XCRemoteSwiftPackageReference "Charts" */ = {
			isa = XCRemoteSwiftPackageReference;
			repositoryURL = "https://github.com/danielgindi/Charts.git";
			requirement = {
				kind = upToNextMajorVersion;
				minimumVersion = 5.1.0;
			};
		};
		99DED24F2CAF2A6B0055FC60 /* XCRemoteSwiftPackageReference "ApolloCombine" */ = {
			isa = XCRemoteSwiftPackageReference;
			repositoryURL = "https://github.com/joel-perry/ApolloCombine.git";
			requirement = {
				kind = upToNextMajorVersion;
				minimumVersion = 0.8.0;
			};
		};
		DFA4D64F2CAC500B00AEDC73 /* XCRemoteSwiftPackageReference "apollo-ios" */ = {
			isa = XCRemoteSwiftPackageReference;
			repositoryURL = "https://github.com/apollographql/apollo-ios";
			requirement = {
				kind = upToNextMajorVersion;
				minimumVersion = 1.15.1;
			};
		};
		DFA4D6522CAC50FE00AEDC73 /* XCRemoteSwiftPackageReference "apollo-ios-codegen" */ = {
			isa = XCRemoteSwiftPackageReference;
			repositoryURL = "https://github.com/apollographql/apollo-ios-codegen";
			requirement = {
				kind = upToNextMajorVersion;
				minimumVersion = 1.15.1;
			};
		};
/* End XCRemoteSwiftPackageReference section */

/* Begin XCSwiftPackageProductDependency section */
		993E5D8F2CAEE423000E23A9 /* ApolloWebSocket */ = {
			isa = XCSwiftPackageProductDependency;
			package = DFA4D64F2CAC500B00AEDC73 /* XCRemoteSwiftPackageReference "apollo-ios" */;
			productName = ApolloWebSocket;
		};
		99856DA32CD27E1F004B9D40 /* Privy */ = {
			isa = XCSwiftPackageProductDependency;
			package = 99856DA22CD27E1F004B9D40 /* XCRemoteSwiftPackageReference "privy-ios" */;
			productName = Privy;
		};
		99C26C1B2CAEE263004807A2 /* ApolloAPI */ = {
			isa = XCSwiftPackageProductDependency;
			productName = ApolloAPI;
		};
		99C26C1D2CAEE38B004807A2 /* ApolloWebSocket */ = {
			isa = XCSwiftPackageProductDependency;
			package = DFA4D64F2CAC500B00AEDC73 /* XCRemoteSwiftPackageReference "apollo-ios" */;
			productName = ApolloWebSocket;
		};
		99DED2502CAF2A6B0055FC60 /* ApolloCombine */ = {
			isa = XCSwiftPackageProductDependency;
			package = 99DED24F2CAF2A6B0055FC60 /* XCRemoteSwiftPackageReference "ApolloCombine" */;
			productName = ApolloCombine;
		};
		DB458DB02CAC824A00C5EC18 /* TubAPI */ = {
			isa = XCSwiftPackageProductDependency;
			package = DB458DAE2CAC821D00C5EC18 /* XCLocalSwiftPackageReference "TubAPI" */;
			productName = TubAPI;
		};
		DFA4D6502CAC500B00AEDC73 /* Apollo */ = {
			isa = XCSwiftPackageProductDependency;
			package = DFA4D64F2CAC500B00AEDC73 /* XCRemoteSwiftPackageReference "apollo-ios" */;
			productName = Apollo;
		};
/* End XCSwiftPackageProductDependency section */
	};
	rootObject = DB6D28F92CA1C8F70099951A /* Project object */;
}
